
Microsoft Visual Studio Solution File, Format Version 12.00
# Visual Studio 14
VisualStudioVersion = 14.0.24720.0
MinimumVisualStudioVersion = 10.0.40219.1
Project("{2150E333-8FDC-42A3-9474-1A3956D46DE8}") = "Samples", "Samples", "{5314F8C6-F34F-461E-8C24-6715B8D66FBA}"
EndProject
Project("{FAE04EC0-301F-11D3-BF4B-00C04F79EFBC}") = "Sample.iOS", "Sample.iOS\Sample.iOS.csproj", "{5B67EF19-6479-4BA0-9E01-CFBEF0DC4046}"
EndProject
Project("{FAE04EC0-301F-11D3-BF4B-00C04F79EFBC}") = "Sample.Droid", "Sample.Droid\Sample.Droid.csproj", "{A8FF54E0-324F-4216-90A8-65F1B3DEA518}"
EndProject
Project("{2150E333-8FDC-42A3-9474-1A3956D46DE8}") = "Forms", "Forms", "{9EEC2A47-864D-44D8-834E-49C0F6B429FA}"
EndProject
Project("{D954291E-2A0B-460D-934E-DC6B0785DB48}") = "Sample.Forms", "Sample.Forms\Sample.Forms\Sample.Forms.shproj", "{20ACC87E-10D0-4EAD-A610-B21ED05DBCF4}"
EndProject
Project("{FAE04EC0-301F-11D3-BF4B-00C04F79EFBC}") = "Sample.Forms.iOS", "Sample.Forms\Sample.Forms.iOS\Sample.Forms.iOS.csproj", "{7E82AB84-41C9-4BCA-9EAE-3A427FDC7AEC}"
EndProject
Project("{FAE04EC0-301F-11D3-BF4B-00C04F79EFBC}") = "Sample.Forms.Droid", "Sample.Forms\Sample.Forms.Droid\Sample.Forms.Droid.csproj", "{0731DB7E-88B2-4C72-BB39-BDE570929C63}"
EndProject
Project("{FAE04EC0-301F-11D3-BF4B-00C04F79EFBC}") = "Sample.Mac", "Sample.Mac\Sample.Mac.csproj", "{48662D2B-ABBD-4118-972A-752F1817747D}"
EndProject
Project("{2150E333-8FDC-42A3-9474-1A3956D46DE8}") = "src", "src", "{C9D083AC-7B24-4EA9-88BF-45A639D6351D}"
EndProject
Project("{FAE04EC0-301F-11D3-BF4B-00C04F79EFBC}") = "SimpleAuth.iOS", "..\src\SimpleAuth.iOS\SimpleAuth.iOS.csproj", "{2C2264A6-2534-485E-8772-623D1ABEEFFF}"
EndProject
Project("{FAE04EC0-301F-11D3-BF4B-00C04F79EFBC}") = "SimpleAuth.Droid", "..\src\SimpleAuth.Droid\SimpleAuth.Droid.csproj", "{5B44ED27-DAD7-43FA-8A06-BA2469A1AF9E}"
EndProject
Project("{D954291E-2A0B-460D-934E-DC6B0785DB48}") = "SimpleAuth", "..\src\SimpleAuth\SimpleAuth.shproj", "{9FDA9BD4-3D55-4132-9055-98986C50E0A4}"
EndProject
Project("{FAE04EC0-301F-11D3-BF4B-00C04F79EFBC}") = "SimpleAuth.Portable", "..\src\SimpleAuth.Portable\SimpleAuth.Portable.csproj", "{A9AFE645-9D2C-4D04-98AC-96990D9BA60E}"
EndProject
Project("{FAE04EC0-301F-11D3-BF4B-00C04F79EFBC}") = "SimpleAuth.Mac", "..\src\SimpleAuth.Mac\SimpleAuth.Mac.csproj", "{6457641D-D20D-479B-AA3B-30A9C88B96DE}"
EndProject
Project("{FAE04EC0-301F-11D3-BF4B-00C04F79EFBC}") = "SimpleAuth.OnePassword.iOS", "..\src\SimpleAuth.OnePassword.iOS\SimpleAuth.OnePassword.iOS.csproj", "{3978F9A7-1AD2-4550-A0FE-86793CA912CD}"
EndProject
Project("{FAE04EC0-301F-11D3-BF4B-00C04F79EFBC}") = "SimpleAuth.Facebook.iOS", "..\src\SimpleAuth.Facebook.iOS\SimpleAuth.Facebook.iOS.csproj", "{C5138A14-061F-4251-9AEA-2401E9578CDA}"
EndProject
Global
	GlobalSection(SharedMSBuildProjectFiles) = preSolution
		Sample.Forms\Sample.Forms\Sample.Forms.projitems*{20acc87e-10d0-4ead-a610-b21ed05dbcf4}*SharedItemsImports = 13
		..\src\SimpleAuth\SimpleAuth.projitems*{a9afe645-9d2c-4d04-98ac-96990d9ba60e}*SharedItemsImports = 4
		Sample.Forms\Sample.Forms\Sample.Forms.projitems*{7e82ab84-41c9-4bca-9eae-3a427fdc7aec}*SharedItemsImports = 4
		Sample.Forms\Sample.Forms\Sample.Forms.projitems*{0731db7e-88b2-4c72-bb39-bde570929c63}*SharedItemsImports = 4
		..\src\SimpleAuth\SimpleAuth.projitems*{9fda9bd4-3d55-4132-9055-98986c50e0a4}*SharedItemsImports = 13
		..\src\SimpleAuth\SimpleAuth.projitems*{5b44ed27-dad7-43fa-8a06-ba2469a1af9e}*SharedItemsImports = 4
		..\src\SimpleAuth\SimpleAuth.projitems*{2c2264a6-2534-485e-8772-623d1abeefff}*SharedItemsImports = 4
	EndGlobalSection
	GlobalSection(SolutionConfigurationPlatforms) = preSolution
		Ad-Hoc|Any CPU = Ad-Hoc|Any CPU
		Ad-Hoc|ARM = Ad-Hoc|ARM
		Ad-Hoc|iPhone = Ad-Hoc|iPhone
		Ad-Hoc|iPhoneSimulator = Ad-Hoc|iPhoneSimulator
		Ad-Hoc|x86 = Ad-Hoc|x86
		AppStore|Any CPU = AppStore|Any CPU
		AppStore|ARM = AppStore|ARM
		AppStore|iPhone = AppStore|iPhone
		AppStore|iPhoneSimulator = AppStore|iPhoneSimulator
		AppStore|x86 = AppStore|x86
		Debug|Any CPU = Debug|Any CPU
		Debug|ARM = Debug|ARM
		Debug|iPhone = Debug|iPhone
		Debug|iPhoneSimulator = Debug|iPhoneSimulator
		Debug|x86 = Debug|x86
		Release|Any CPU = Release|Any CPU
		Release|ARM = Release|ARM
		Release|iPhone = Release|iPhone
		Release|iPhoneSimulator = Release|iPhoneSimulator
		Release|x86 = Release|x86
	EndGlobalSection
	GlobalSection(ProjectConfigurationPlatforms) = postSolution
		{5B67EF19-6479-4BA0-9E01-CFBEF0DC4046}.Ad-Hoc|Any CPU.ActiveCfg = Ad-Hoc|iPhone
		{5B67EF19-6479-4BA0-9E01-CFBEF0DC4046}.Ad-Hoc|ARM.ActiveCfg = Ad-Hoc|iPhoneSimulator
		{5B67EF19-6479-4BA0-9E01-CFBEF0DC4046}.Ad-Hoc|iPhone.ActiveCfg = Ad-Hoc|iPhone
		{5B67EF19-6479-4BA0-9E01-CFBEF0DC4046}.Ad-Hoc|iPhone.Build.0 = Ad-Hoc|iPhone
		{5B67EF19-6479-4BA0-9E01-CFBEF0DC4046}.Ad-Hoc|iPhoneSimulator.ActiveCfg = Ad-Hoc|iPhoneSimulator
		{5B67EF19-6479-4BA0-9E01-CFBEF0DC4046}.Ad-Hoc|iPhoneSimulator.Build.0 = Ad-Hoc|iPhoneSimulator
		{5B67EF19-6479-4BA0-9E01-CFBEF0DC4046}.Ad-Hoc|x86.ActiveCfg = Ad-Hoc|iPhoneSimulator
		{5B67EF19-6479-4BA0-9E01-CFBEF0DC4046}.AppStore|Any CPU.ActiveCfg = AppStore|iPhone
		{5B67EF19-6479-4BA0-9E01-CFBEF0DC4046}.AppStore|ARM.ActiveCfg = AppStore|iPhoneSimulator
		{5B67EF19-6479-4BA0-9E01-CFBEF0DC4046}.AppStore|iPhone.ActiveCfg = AppStore|iPhone
		{5B67EF19-6479-4BA0-9E01-CFBEF0DC4046}.AppStore|iPhone.Build.0 = AppStore|iPhone
		{5B67EF19-6479-4BA0-9E01-CFBEF0DC4046}.AppStore|iPhoneSimulator.ActiveCfg = AppStore|iPhoneSimulator
		{5B67EF19-6479-4BA0-9E01-CFBEF0DC4046}.AppStore|iPhoneSimulator.Build.0 = AppStore|iPhoneSimulator
		{5B67EF19-6479-4BA0-9E01-CFBEF0DC4046}.AppStore|x86.ActiveCfg = AppStore|iPhoneSimulator
		{5B67EF19-6479-4BA0-9E01-CFBEF0DC4046}.Debug|Any CPU.ActiveCfg = Debug|iPhone
		{5B67EF19-6479-4BA0-9E01-CFBEF0DC4046}.Debug|ARM.ActiveCfg = Debug|iPhoneSimulator
		{5B67EF19-6479-4BA0-9E01-CFBEF0DC4046}.Debug|iPhone.ActiveCfg = Debug|iPhone
		{5B67EF19-6479-4BA0-9E01-CFBEF0DC4046}.Debug|iPhone.Build.0 = Debug|iPhone
		{5B67EF19-6479-4BA0-9E01-CFBEF0DC4046}.Debug|iPhoneSimulator.ActiveCfg = Debug|iPhoneSimulator
		{5B67EF19-6479-4BA0-9E01-CFBEF0DC4046}.Debug|iPhoneSimulator.Build.0 = Debug|iPhoneSimulator
		{5B67EF19-6479-4BA0-9E01-CFBEF0DC4046}.Debug|x86.ActiveCfg = Debug|iPhoneSimulator
		{5B67EF19-6479-4BA0-9E01-CFBEF0DC4046}.Release|Any CPU.ActiveCfg = Release|iPhone
		{5B67EF19-6479-4BA0-9E01-CFBEF0DC4046}.Release|ARM.ActiveCfg = Release|iPhoneSimulator
		{5B67EF19-6479-4BA0-9E01-CFBEF0DC4046}.Release|iPhone.ActiveCfg = Release|iPhone
		{5B67EF19-6479-4BA0-9E01-CFBEF0DC4046}.Release|iPhone.Build.0 = Release|iPhone
		{5B67EF19-6479-4BA0-9E01-CFBEF0DC4046}.Release|iPhoneSimulator.ActiveCfg = Release|iPhoneSimulator
		{5B67EF19-6479-4BA0-9E01-CFBEF0DC4046}.Release|iPhoneSimulator.Build.0 = Release|iPhoneSimulator
		{5B67EF19-6479-4BA0-9E01-CFBEF0DC4046}.Release|x86.ActiveCfg = Release|iPhoneSimulator
		{A8FF54E0-324F-4216-90A8-65F1B3DEA518}.Ad-Hoc|Any CPU.ActiveCfg = Release|Any CPU
		{A8FF54E0-324F-4216-90A8-65F1B3DEA518}.Ad-Hoc|Any CPU.Build.0 = Release|Any CPU
		{A8FF54E0-324F-4216-90A8-65F1B3DEA518}.Ad-Hoc|Any CPU.Deploy.0 = Release|Any CPU
		{A8FF54E0-324F-4216-90A8-65F1B3DEA518}.Ad-Hoc|ARM.ActiveCfg = Debug|Any CPU
		{A8FF54E0-324F-4216-90A8-65F1B3DEA518}.Ad-Hoc|ARM.Build.0 = Debug|Any CPU
		{A8FF54E0-324F-4216-90A8-65F1B3DEA518}.Ad-Hoc|ARM.Deploy.0 = Debug|Any CPU
		{A8FF54E0-324F-4216-90A8-65F1B3DEA518}.Ad-Hoc|iPhone.ActiveCfg = Release|Any CPU
		{A8FF54E0-324F-4216-90A8-65F1B3DEA518}.Ad-Hoc|iPhone.Build.0 = Release|Any CPU
		{A8FF54E0-324F-4216-90A8-65F1B3DEA518}.Ad-Hoc|iPhone.Deploy.0 = Release|Any CPU
		{A8FF54E0-324F-4216-90A8-65F1B3DEA518}.Ad-Hoc|iPhoneSimulator.ActiveCfg = Release|Any CPU
		{A8FF54E0-324F-4216-90A8-65F1B3DEA518}.Ad-Hoc|iPhoneSimulator.Build.0 = Release|Any CPU
		{A8FF54E0-324F-4216-90A8-65F1B3DEA518}.Ad-Hoc|iPhoneSimulator.Deploy.0 = Release|Any CPU
		{A8FF54E0-324F-4216-90A8-65F1B3DEA518}.Ad-Hoc|x86.ActiveCfg = Debug|Any CPU
		{A8FF54E0-324F-4216-90A8-65F1B3DEA518}.Ad-Hoc|x86.Build.0 = Debug|Any CPU
		{A8FF54E0-324F-4216-90A8-65F1B3DEA518}.Ad-Hoc|x86.Deploy.0 = Debug|Any CPU
		{A8FF54E0-324F-4216-90A8-65F1B3DEA518}.AppStore|Any CPU.ActiveCfg = Release|Any CPU
		{A8FF54E0-324F-4216-90A8-65F1B3DEA518}.AppStore|Any CPU.Build.0 = Release|Any CPU
		{A8FF54E0-324F-4216-90A8-65F1B3DEA518}.AppStore|Any CPU.Deploy.0 = Release|Any CPU
		{A8FF54E0-324F-4216-90A8-65F1B3DEA518}.AppStore|ARM.ActiveCfg = Debug|Any CPU
		{A8FF54E0-324F-4216-90A8-65F1B3DEA518}.AppStore|ARM.Build.0 = Debug|Any CPU
		{A8FF54E0-324F-4216-90A8-65F1B3DEA518}.AppStore|ARM.Deploy.0 = Debug|Any CPU
		{A8FF54E0-324F-4216-90A8-65F1B3DEA518}.AppStore|iPhone.ActiveCfg = Release|Any CPU
		{A8FF54E0-324F-4216-90A8-65F1B3DEA518}.AppStore|iPhone.Build.0 = Release|Any CPU
		{A8FF54E0-324F-4216-90A8-65F1B3DEA518}.AppStore|iPhone.Deploy.0 = Release|Any CPU
		{A8FF54E0-324F-4216-90A8-65F1B3DEA518}.AppStore|iPhoneSimulator.ActiveCfg = Release|Any CPU
		{A8FF54E0-324F-4216-90A8-65F1B3DEA518}.AppStore|iPhoneSimulator.Build.0 = Release|Any CPU
		{A8FF54E0-324F-4216-90A8-65F1B3DEA518}.AppStore|iPhoneSimulator.Deploy.0 = Release|Any CPU
		{A8FF54E0-324F-4216-90A8-65F1B3DEA518}.AppStore|x86.ActiveCfg = Debug|Any CPU
		{A8FF54E0-324F-4216-90A8-65F1B3DEA518}.AppStore|x86.Build.0 = Debug|Any CPU
		{A8FF54E0-324F-4216-90A8-65F1B3DEA518}.AppStore|x86.Deploy.0 = Debug|Any CPU
		{A8FF54E0-324F-4216-90A8-65F1B3DEA518}.Debug|Any CPU.ActiveCfg = Debug|Any CPU
		{A8FF54E0-324F-4216-90A8-65F1B3DEA518}.Debug|Any CPU.Build.0 = Debug|Any CPU
		{A8FF54E0-324F-4216-90A8-65F1B3DEA518}.Debug|Any CPU.Deploy.0 = Debug|Any CPU
		{A8FF54E0-324F-4216-90A8-65F1B3DEA518}.Debug|ARM.ActiveCfg = Debug|Any CPU
		{A8FF54E0-324F-4216-90A8-65F1B3DEA518}.Debug|ARM.Build.0 = Debug|Any CPU
		{A8FF54E0-324F-4216-90A8-65F1B3DEA518}.Debug|ARM.Deploy.0 = Debug|Any CPU
		{A8FF54E0-324F-4216-90A8-65F1B3DEA518}.Debug|iPhone.ActiveCfg = Debug|Any CPU
		{A8FF54E0-324F-4216-90A8-65F1B3DEA518}.Debug|iPhone.Build.0 = Debug|Any CPU
		{A8FF54E0-324F-4216-90A8-65F1B3DEA518}.Debug|iPhone.Deploy.0 = Debug|Any CPU
		{A8FF54E0-324F-4216-90A8-65F1B3DEA518}.Debug|iPhoneSimulator.ActiveCfg = Debug|Any CPU
		{A8FF54E0-324F-4216-90A8-65F1B3DEA518}.Debug|iPhoneSimulator.Build.0 = Debug|Any CPU
		{A8FF54E0-324F-4216-90A8-65F1B3DEA518}.Debug|iPhoneSimulator.Deploy.0 = Debug|Any CPU
		{A8FF54E0-324F-4216-90A8-65F1B3DEA518}.Debug|x86.ActiveCfg = Debug|Any CPU
		{A8FF54E0-324F-4216-90A8-65F1B3DEA518}.Debug|x86.Build.0 = Debug|Any CPU
		{A8FF54E0-324F-4216-90A8-65F1B3DEA518}.Debug|x86.Deploy.0 = Debug|Any CPU
		{A8FF54E0-324F-4216-90A8-65F1B3DEA518}.Release|Any CPU.ActiveCfg = Release|Any CPU
		{A8FF54E0-324F-4216-90A8-65F1B3DEA518}.Release|Any CPU.Build.0 = Release|Any CPU
		{A8FF54E0-324F-4216-90A8-65F1B3DEA518}.Release|Any CPU.Deploy.0 = Release|Any CPU
		{A8FF54E0-324F-4216-90A8-65F1B3DEA518}.Release|ARM.ActiveCfg = Release|Any CPU
		{A8FF54E0-324F-4216-90A8-65F1B3DEA518}.Release|ARM.Build.0 = Release|Any CPU
		{A8FF54E0-324F-4216-90A8-65F1B3DEA518}.Release|ARM.Deploy.0 = Release|Any CPU
		{A8FF54E0-324F-4216-90A8-65F1B3DEA518}.Release|iPhone.ActiveCfg = Release|Any CPU
		{A8FF54E0-324F-4216-90A8-65F1B3DEA518}.Release|iPhone.Build.0 = Release|Any CPU
		{A8FF54E0-324F-4216-90A8-65F1B3DEA518}.Release|iPhone.Deploy.0 = Release|Any CPU
		{A8FF54E0-324F-4216-90A8-65F1B3DEA518}.Release|iPhoneSimulator.ActiveCfg = Release|Any CPU
		{A8FF54E0-324F-4216-90A8-65F1B3DEA518}.Release|iPhoneSimulator.Build.0 = Release|Any CPU
		{A8FF54E0-324F-4216-90A8-65F1B3DEA518}.Release|iPhoneSimulator.Deploy.0 = Release|Any CPU
		{A8FF54E0-324F-4216-90A8-65F1B3DEA518}.Release|x86.ActiveCfg = Release|Any CPU
		{A8FF54E0-324F-4216-90A8-65F1B3DEA518}.Release|x86.Build.0 = Release|Any CPU
		{A8FF54E0-324F-4216-90A8-65F1B3DEA518}.Release|x86.Deploy.0 = Release|Any CPU
		{7E82AB84-41C9-4BCA-9EAE-3A427FDC7AEC}.Ad-Hoc|Any CPU.ActiveCfg = Ad-Hoc|iPhone
		{7E82AB84-41C9-4BCA-9EAE-3A427FDC7AEC}.Ad-Hoc|ARM.ActiveCfg = Ad-Hoc|iPhone
		{7E82AB84-41C9-4BCA-9EAE-3A427FDC7AEC}.Ad-Hoc|iPhone.ActiveCfg = Ad-Hoc|iPhone
		{7E82AB84-41C9-4BCA-9EAE-3A427FDC7AEC}.Ad-Hoc|iPhone.Build.0 = Ad-Hoc|iPhone
		{7E82AB84-41C9-4BCA-9EAE-3A427FDC7AEC}.Ad-Hoc|iPhoneSimulator.ActiveCfg = Ad-Hoc|iPhoneSimulator
		{7E82AB84-41C9-4BCA-9EAE-3A427FDC7AEC}.Ad-Hoc|iPhoneSimulator.Build.0 = Ad-Hoc|iPhoneSimulator
		{7E82AB84-41C9-4BCA-9EAE-3A427FDC7AEC}.Ad-Hoc|x86.ActiveCfg = Ad-Hoc|iPhone
		{7E82AB84-41C9-4BCA-9EAE-3A427FDC7AEC}.AppStore|Any CPU.ActiveCfg = AppStore|iPhone
		{7E82AB84-41C9-4BCA-9EAE-3A427FDC7AEC}.AppStore|ARM.ActiveCfg = AppStore|iPhone
		{7E82AB84-41C9-4BCA-9EAE-3A427FDC7AEC}.AppStore|iPhone.ActiveCfg = AppStore|iPhone
		{7E82AB84-41C9-4BCA-9EAE-3A427FDC7AEC}.AppStore|iPhone.Build.0 = AppStore|iPhone
		{7E82AB84-41C9-4BCA-9EAE-3A427FDC7AEC}.AppStore|iPhoneSimulator.ActiveCfg = AppStore|iPhoneSimulator
		{7E82AB84-41C9-4BCA-9EAE-3A427FDC7AEC}.AppStore|iPhoneSimulator.Build.0 = AppStore|iPhoneSimulator
		{7E82AB84-41C9-4BCA-9EAE-3A427FDC7AEC}.AppStore|x86.ActiveCfg = AppStore|iPhone
		{7E82AB84-41C9-4BCA-9EAE-3A427FDC7AEC}.Debug|Any CPU.ActiveCfg = Debug|iPhone
		{7E82AB84-41C9-4BCA-9EAE-3A427FDC7AEC}.Debug|ARM.ActiveCfg = Debug|iPhone
		{7E82AB84-41C9-4BCA-9EAE-3A427FDC7AEC}.Debug|iPhone.ActiveCfg = Debug|iPhone
		{7E82AB84-41C9-4BCA-9EAE-3A427FDC7AEC}.Debug|iPhone.Build.0 = Debug|iPhone
		{7E82AB84-41C9-4BCA-9EAE-3A427FDC7AEC}.Debug|iPhoneSimulator.ActiveCfg = Debug|iPhoneSimulator
		{7E82AB84-41C9-4BCA-9EAE-3A427FDC7AEC}.Debug|iPhoneSimulator.Build.0 = Debug|iPhoneSimulator
		{7E82AB84-41C9-4BCA-9EAE-3A427FDC7AEC}.Debug|x86.ActiveCfg = Debug|iPhone
		{7E82AB84-41C9-4BCA-9EAE-3A427FDC7AEC}.Release|Any CPU.ActiveCfg = Release|iPhone
		{7E82AB84-41C9-4BCA-9EAE-3A427FDC7AEC}.Release|ARM.ActiveCfg = Release|iPhone
		{7E82AB84-41C9-4BCA-9EAE-3A427FDC7AEC}.Release|iPhone.ActiveCfg = Release|iPhone
		{7E82AB84-41C9-4BCA-9EAE-3A427FDC7AEC}.Release|iPhone.Build.0 = Release|iPhone
		{7E82AB84-41C9-4BCA-9EAE-3A427FDC7AEC}.Release|iPhoneSimulator.ActiveCfg = Release|iPhoneSimulator
		{7E82AB84-41C9-4BCA-9EAE-3A427FDC7AEC}.Release|iPhoneSimulator.Build.0 = Release|iPhoneSimulator
		{7E82AB84-41C9-4BCA-9EAE-3A427FDC7AEC}.Release|x86.ActiveCfg = Release|iPhone
		{0731DB7E-88B2-4C72-BB39-BDE570929C63}.Ad-Hoc|Any CPU.ActiveCfg = Release|Any CPU
		{0731DB7E-88B2-4C72-BB39-BDE570929C63}.Ad-Hoc|Any CPU.Build.0 = Release|Any CPU
		{0731DB7E-88B2-4C72-BB39-BDE570929C63}.Ad-Hoc|Any CPU.Deploy.0 = Release|Any CPU
		{0731DB7E-88B2-4C72-BB39-BDE570929C63}.Ad-Hoc|ARM.ActiveCfg = Release|Any CPU
		{0731DB7E-88B2-4C72-BB39-BDE570929C63}.Ad-Hoc|ARM.Build.0 = Release|Any CPU
		{0731DB7E-88B2-4C72-BB39-BDE570929C63}.Ad-Hoc|ARM.Deploy.0 = Release|Any CPU
		{0731DB7E-88B2-4C72-BB39-BDE570929C63}.Ad-Hoc|iPhone.ActiveCfg = Release|Any CPU
		{0731DB7E-88B2-4C72-BB39-BDE570929C63}.Ad-Hoc|iPhone.Build.0 = Release|Any CPU
		{0731DB7E-88B2-4C72-BB39-BDE570929C63}.Ad-Hoc|iPhone.Deploy.0 = Release|Any CPU
		{0731DB7E-88B2-4C72-BB39-BDE570929C63}.Ad-Hoc|iPhoneSimulator.ActiveCfg = Release|Any CPU
		{0731DB7E-88B2-4C72-BB39-BDE570929C63}.Ad-Hoc|iPhoneSimulator.Build.0 = Release|Any CPU
		{0731DB7E-88B2-4C72-BB39-BDE570929C63}.Ad-Hoc|iPhoneSimulator.Deploy.0 = Release|Any CPU
		{0731DB7E-88B2-4C72-BB39-BDE570929C63}.Ad-Hoc|x86.ActiveCfg = Release|Any CPU
		{0731DB7E-88B2-4C72-BB39-BDE570929C63}.Ad-Hoc|x86.Build.0 = Release|Any CPU
		{0731DB7E-88B2-4C72-BB39-BDE570929C63}.Ad-Hoc|x86.Deploy.0 = Release|Any CPU
		{0731DB7E-88B2-4C72-BB39-BDE570929C63}.AppStore|Any CPU.ActiveCfg = Release|Any CPU
		{0731DB7E-88B2-4C72-BB39-BDE570929C63}.AppStore|Any CPU.Build.0 = Release|Any CPU
		{0731DB7E-88B2-4C72-BB39-BDE570929C63}.AppStore|Any CPU.Deploy.0 = Release|Any CPU
		{0731DB7E-88B2-4C72-BB39-BDE570929C63}.AppStore|ARM.ActiveCfg = Release|Any CPU
		{0731DB7E-88B2-4C72-BB39-BDE570929C63}.AppStore|ARM.Build.0 = Release|Any CPU
		{0731DB7E-88B2-4C72-BB39-BDE570929C63}.AppStore|ARM.Deploy.0 = Release|Any CPU
		{0731DB7E-88B2-4C72-BB39-BDE570929C63}.AppStore|iPhone.ActiveCfg = Release|Any CPU
		{0731DB7E-88B2-4C72-BB39-BDE570929C63}.AppStore|iPhone.Build.0 = Release|Any CPU
		{0731DB7E-88B2-4C72-BB39-BDE570929C63}.AppStore|iPhone.Deploy.0 = Release|Any CPU
		{0731DB7E-88B2-4C72-BB39-BDE570929C63}.AppStore|iPhoneSimulator.ActiveCfg = Release|Any CPU
		{0731DB7E-88B2-4C72-BB39-BDE570929C63}.AppStore|iPhoneSimulator.Build.0 = Release|Any CPU
		{0731DB7E-88B2-4C72-BB39-BDE570929C63}.AppStore|iPhoneSimulator.Deploy.0 = Release|Any CPU
		{0731DB7E-88B2-4C72-BB39-BDE570929C63}.AppStore|x86.ActiveCfg = Release|Any CPU
		{0731DB7E-88B2-4C72-BB39-BDE570929C63}.AppStore|x86.Build.0 = Release|Any CPU
		{0731DB7E-88B2-4C72-BB39-BDE570929C63}.AppStore|x86.Deploy.0 = Release|Any CPU
		{0731DB7E-88B2-4C72-BB39-BDE570929C63}.Debug|Any CPU.ActiveCfg = Debug|Any CPU
		{0731DB7E-88B2-4C72-BB39-BDE570929C63}.Debug|Any CPU.Build.0 = Debug|Any CPU
		{0731DB7E-88B2-4C72-BB39-BDE570929C63}.Debug|Any CPU.Deploy.0 = Debug|Any CPU
		{0731DB7E-88B2-4C72-BB39-BDE570929C63}.Debug|ARM.ActiveCfg = Debug|Any CPU
		{0731DB7E-88B2-4C72-BB39-BDE570929C63}.Debug|ARM.Build.0 = Debug|Any CPU
		{0731DB7E-88B2-4C72-BB39-BDE570929C63}.Debug|ARM.Deploy.0 = Debug|Any CPU
		{0731DB7E-88B2-4C72-BB39-BDE570929C63}.Debug|iPhone.ActiveCfg = Debug|Any CPU
		{0731DB7E-88B2-4C72-BB39-BDE570929C63}.Debug|iPhone.Build.0 = Debug|Any CPU
		{0731DB7E-88B2-4C72-BB39-BDE570929C63}.Debug|iPhone.Deploy.0 = Debug|Any CPU
		{0731DB7E-88B2-4C72-BB39-BDE570929C63}.Debug|iPhoneSimulator.ActiveCfg = Debug|Any CPU
		{0731DB7E-88B2-4C72-BB39-BDE570929C63}.Debug|iPhoneSimulator.Build.0 = Debug|Any CPU
		{0731DB7E-88B2-4C72-BB39-BDE570929C63}.Debug|iPhoneSimulator.Deploy.0 = Debug|Any CPU
		{0731DB7E-88B2-4C72-BB39-BDE570929C63}.Debug|x86.ActiveCfg = Debug|Any CPU
		{0731DB7E-88B2-4C72-BB39-BDE570929C63}.Debug|x86.Build.0 = Debug|Any CPU
		{0731DB7E-88B2-4C72-BB39-BDE570929C63}.Debug|x86.Deploy.0 = Debug|Any CPU
		{0731DB7E-88B2-4C72-BB39-BDE570929C63}.Release|Any CPU.ActiveCfg = Release|Any CPU
		{0731DB7E-88B2-4C72-BB39-BDE570929C63}.Release|Any CPU.Build.0 = Release|Any CPU
		{0731DB7E-88B2-4C72-BB39-BDE570929C63}.Release|Any CPU.Deploy.0 = Release|Any CPU
		{0731DB7E-88B2-4C72-BB39-BDE570929C63}.Release|ARM.ActiveCfg = Release|Any CPU
		{0731DB7E-88B2-4C72-BB39-BDE570929C63}.Release|ARM.Build.0 = Release|Any CPU
		{0731DB7E-88B2-4C72-BB39-BDE570929C63}.Release|ARM.Deploy.0 = Release|Any CPU
		{0731DB7E-88B2-4C72-BB39-BDE570929C63}.Release|iPhone.ActiveCfg = Release|Any CPU
		{0731DB7E-88B2-4C72-BB39-BDE570929C63}.Release|iPhone.Build.0 = Release|Any CPU
		{0731DB7E-88B2-4C72-BB39-BDE570929C63}.Release|iPhone.Deploy.0 = Release|Any CPU
		{0731DB7E-88B2-4C72-BB39-BDE570929C63}.Release|iPhoneSimulator.ActiveCfg = Release|Any CPU
		{0731DB7E-88B2-4C72-BB39-BDE570929C63}.Release|iPhoneSimulator.Build.0 = Release|Any CPU
		{0731DB7E-88B2-4C72-BB39-BDE570929C63}.Release|iPhoneSimulator.Deploy.0 = Release|Any CPU
		{0731DB7E-88B2-4C72-BB39-BDE570929C63}.Release|x86.ActiveCfg = Release|Any CPU
		{0731DB7E-88B2-4C72-BB39-BDE570929C63}.Release|x86.Build.0 = Release|Any CPU
		{0731DB7E-88B2-4C72-BB39-BDE570929C63}.Release|x86.Deploy.0 = Release|Any CPU
		{48662D2B-ABBD-4118-972A-752F1817747D}.Ad-Hoc|Any CPU.ActiveCfg = Release|Any CPU
		{48662D2B-ABBD-4118-972A-752F1817747D}.Ad-Hoc|Any CPU.Build.0 = Release|Any CPU
		{48662D2B-ABBD-4118-972A-752F1817747D}.Ad-Hoc|ARM.ActiveCfg = Release|Any CPU
		{48662D2B-ABBD-4118-972A-752F1817747D}.Ad-Hoc|ARM.Build.0 = Release|Any CPU
		{48662D2B-ABBD-4118-972A-752F1817747D}.Ad-Hoc|iPhone.ActiveCfg = Release|Any CPU
		{48662D2B-ABBD-4118-972A-752F1817747D}.Ad-Hoc|iPhone.Build.0 = Release|Any CPU
		{48662D2B-ABBD-4118-972A-752F1817747D}.Ad-Hoc|iPhoneSimulator.ActiveCfg = Release|Any CPU
		{48662D2B-ABBD-4118-972A-752F1817747D}.Ad-Hoc|iPhoneSimulator.Build.0 = Release|Any CPU
		{48662D2B-ABBD-4118-972A-752F1817747D}.Ad-Hoc|x86.ActiveCfg = Release|Any CPU
		{48662D2B-ABBD-4118-972A-752F1817747D}.Ad-Hoc|x86.Build.0 = Release|Any CPU
		{48662D2B-ABBD-4118-972A-752F1817747D}.AppStore|Any CPU.ActiveCfg = Release|Any CPU
		{48662D2B-ABBD-4118-972A-752F1817747D}.AppStore|Any CPU.Build.0 = Release|Any CPU
		{48662D2B-ABBD-4118-972A-752F1817747D}.AppStore|ARM.ActiveCfg = Release|Any CPU
		{48662D2B-ABBD-4118-972A-752F1817747D}.AppStore|ARM.Build.0 = Release|Any CPU
		{48662D2B-ABBD-4118-972A-752F1817747D}.AppStore|iPhone.ActiveCfg = Release|Any CPU
		{48662D2B-ABBD-4118-972A-752F1817747D}.AppStore|iPhone.Build.0 = Release|Any CPU
		{48662D2B-ABBD-4118-972A-752F1817747D}.AppStore|iPhoneSimulator.ActiveCfg = Release|Any CPU
		{48662D2B-ABBD-4118-972A-752F1817747D}.AppStore|iPhoneSimulator.Build.0 = Release|Any CPU
		{48662D2B-ABBD-4118-972A-752F1817747D}.AppStore|x86.ActiveCfg = Release|Any CPU
		{48662D2B-ABBD-4118-972A-752F1817747D}.AppStore|x86.Build.0 = Release|Any CPU
		{48662D2B-ABBD-4118-972A-752F1817747D}.Debug|Any CPU.ActiveCfg = Debug|Any CPU
		{48662D2B-ABBD-4118-972A-752F1817747D}.Debug|Any CPU.Build.0 = Debug|Any CPU
		{48662D2B-ABBD-4118-972A-752F1817747D}.Debug|ARM.ActiveCfg = Debug|Any CPU
		{48662D2B-ABBD-4118-972A-752F1817747D}.Debug|ARM.Build.0 = Debug|Any CPU
		{48662D2B-ABBD-4118-972A-752F1817747D}.Debug|iPhone.ActiveCfg = Debug|Any CPU
		{48662D2B-ABBD-4118-972A-752F1817747D}.Debug|iPhone.Build.0 = Debug|Any CPU
		{48662D2B-ABBD-4118-972A-752F1817747D}.Debug|iPhoneSimulator.ActiveCfg = Debug|Any CPU
		{48662D2B-ABBD-4118-972A-752F1817747D}.Debug|x86.ActiveCfg = Debug|Any CPU
		{48662D2B-ABBD-4118-972A-752F1817747D}.Debug|x86.Build.0 = Debug|Any CPU
		{48662D2B-ABBD-4118-972A-752F1817747D}.Release|Any CPU.ActiveCfg = Release|Any CPU
		{48662D2B-ABBD-4118-972A-752F1817747D}.Release|Any CPU.Build.0 = Release|Any CPU
		{48662D2B-ABBD-4118-972A-752F1817747D}.Release|ARM.ActiveCfg = Release|Any CPU
		{48662D2B-ABBD-4118-972A-752F1817747D}.Release|ARM.Build.0 = Release|Any CPU
		{48662D2B-ABBD-4118-972A-752F1817747D}.Release|iPhone.ActiveCfg = Release|Any CPU
		{48662D2B-ABBD-4118-972A-752F1817747D}.Release|iPhone.Build.0 = Release|Any CPU
		{48662D2B-ABBD-4118-972A-752F1817747D}.Release|iPhoneSimulator.ActiveCfg = Release|Any CPU
		{48662D2B-ABBD-4118-972A-752F1817747D}.Release|iPhoneSimulator.Build.0 = Release|Any CPU
		{48662D2B-ABBD-4118-972A-752F1817747D}.Release|x86.ActiveCfg = Release|Any CPU
		{48662D2B-ABBD-4118-972A-752F1817747D}.Release|x86.Build.0 = Release|Any CPU
		{2C2264A6-2534-485E-8772-623D1ABEEFFF}.Ad-Hoc|Any CPU.ActiveCfg = Release|Any CPU
		{2C2264A6-2534-485E-8772-623D1ABEEFFF}.Ad-Hoc|Any CPU.Build.0 = Release|Any CPU
		{2C2264A6-2534-485E-8772-623D1ABEEFFF}.Ad-Hoc|ARM.ActiveCfg = Debug|Any CPU
		{2C2264A6-2534-485E-8772-623D1ABEEFFF}.Ad-Hoc|ARM.Build.0 = Debug|Any CPU
		{2C2264A6-2534-485E-8772-623D1ABEEFFF}.Ad-Hoc|iPhone.ActiveCfg = Release|Any CPU
		{2C2264A6-2534-485E-8772-623D1ABEEFFF}.Ad-Hoc|iPhone.Build.0 = Release|Any CPU
		{2C2264A6-2534-485E-8772-623D1ABEEFFF}.Ad-Hoc|iPhoneSimulator.ActiveCfg = Release|Any CPU
		{2C2264A6-2534-485E-8772-623D1ABEEFFF}.Ad-Hoc|iPhoneSimulator.Build.0 = Release|Any CPU
		{2C2264A6-2534-485E-8772-623D1ABEEFFF}.Ad-Hoc|x86.ActiveCfg = Debug|Any CPU
		{2C2264A6-2534-485E-8772-623D1ABEEFFF}.Ad-Hoc|x86.Build.0 = Debug|Any CPU
		{2C2264A6-2534-485E-8772-623D1ABEEFFF}.AppStore|Any CPU.ActiveCfg = Release|Any CPU
		{2C2264A6-2534-485E-8772-623D1ABEEFFF}.AppStore|Any CPU.Build.0 = Release|Any CPU
		{2C2264A6-2534-485E-8772-623D1ABEEFFF}.AppStore|ARM.ActiveCfg = Debug|Any CPU
		{2C2264A6-2534-485E-8772-623D1ABEEFFF}.AppStore|ARM.Build.0 = Debug|Any CPU
		{2C2264A6-2534-485E-8772-623D1ABEEFFF}.AppStore|iPhone.ActiveCfg = Release|Any CPU
		{2C2264A6-2534-485E-8772-623D1ABEEFFF}.AppStore|iPhone.Build.0 = Release|Any CPU
		{2C2264A6-2534-485E-8772-623D1ABEEFFF}.AppStore|iPhoneSimulator.ActiveCfg = Release|Any CPU
		{2C2264A6-2534-485E-8772-623D1ABEEFFF}.AppStore|iPhoneSimulator.Build.0 = Release|Any CPU
		{2C2264A6-2534-485E-8772-623D1ABEEFFF}.AppStore|x86.ActiveCfg = Debug|Any CPU
		{2C2264A6-2534-485E-8772-623D1ABEEFFF}.AppStore|x86.Build.0 = Debug|Any CPU
		{2C2264A6-2534-485E-8772-623D1ABEEFFF}.Debug|Any CPU.ActiveCfg = Debug|Any CPU
		{2C2264A6-2534-485E-8772-623D1ABEEFFF}.Debug|Any CPU.Build.0 = Debug|Any CPU
		{2C2264A6-2534-485E-8772-623D1ABEEFFF}.Debug|ARM.ActiveCfg = Debug|Any CPU
		{2C2264A6-2534-485E-8772-623D1ABEEFFF}.Debug|ARM.Build.0 = Debug|Any CPU
		{2C2264A6-2534-485E-8772-623D1ABEEFFF}.Debug|iPhone.ActiveCfg = Debug|Any CPU
		{2C2264A6-2534-485E-8772-623D1ABEEFFF}.Debug|iPhone.Build.0 = Debug|Any CPU
		{2C2264A6-2534-485E-8772-623D1ABEEFFF}.Debug|iPhoneSimulator.ActiveCfg = Debug|Any CPU
		{2C2264A6-2534-485E-8772-623D1ABEEFFF}.Debug|iPhoneSimulator.Build.0 = Debug|Any CPU
		{2C2264A6-2534-485E-8772-623D1ABEEFFF}.Debug|x86.ActiveCfg = Debug|Any CPU
		{2C2264A6-2534-485E-8772-623D1ABEEFFF}.Debug|x86.Build.0 = Debug|Any CPU
		{2C2264A6-2534-485E-8772-623D1ABEEFFF}.Release|Any CPU.ActiveCfg = Release|Any CPU
		{2C2264A6-2534-485E-8772-623D1ABEEFFF}.Release|Any CPU.Build.0 = Release|Any CPU
		{2C2264A6-2534-485E-8772-623D1ABEEFFF}.Release|ARM.ActiveCfg = Release|Any CPU
		{2C2264A6-2534-485E-8772-623D1ABEEFFF}.Release|ARM.Build.0 = Release|Any CPU
		{2C2264A6-2534-485E-8772-623D1ABEEFFF}.Release|iPhone.ActiveCfg = Release|Any CPU
		{2C2264A6-2534-485E-8772-623D1ABEEFFF}.Release|iPhone.Build.0 = Release|Any CPU
		{2C2264A6-2534-485E-8772-623D1ABEEFFF}.Release|iPhoneSimulator.ActiveCfg = Release|Any CPU
		{2C2264A6-2534-485E-8772-623D1ABEEFFF}.Release|iPhoneSimulator.Build.0 = Release|Any CPU
		{2C2264A6-2534-485E-8772-623D1ABEEFFF}.Release|x86.ActiveCfg = Release|Any CPU
		{2C2264A6-2534-485E-8772-623D1ABEEFFF}.Release|x86.Build.0 = Release|Any CPU
		{5B44ED27-DAD7-43FA-8A06-BA2469A1AF9E}.Ad-Hoc|Any CPU.ActiveCfg = Release|Any CPU
		{5B44ED27-DAD7-43FA-8A06-BA2469A1AF9E}.Ad-Hoc|Any CPU.Build.0 = Release|Any CPU
		{5B44ED27-DAD7-43FA-8A06-BA2469A1AF9E}.Ad-Hoc|ARM.ActiveCfg = Debug|Any CPU
		{5B44ED27-DAD7-43FA-8A06-BA2469A1AF9E}.Ad-Hoc|ARM.Build.0 = Debug|Any CPU
		{5B44ED27-DAD7-43FA-8A06-BA2469A1AF9E}.Ad-Hoc|iPhone.ActiveCfg = Release|Any CPU
		{5B44ED27-DAD7-43FA-8A06-BA2469A1AF9E}.Ad-Hoc|iPhone.Build.0 = Release|Any CPU
		{5B44ED27-DAD7-43FA-8A06-BA2469A1AF9E}.Ad-Hoc|iPhoneSimulator.ActiveCfg = Release|Any CPU
		{5B44ED27-DAD7-43FA-8A06-BA2469A1AF9E}.Ad-Hoc|iPhoneSimulator.Build.0 = Release|Any CPU
		{5B44ED27-DAD7-43FA-8A06-BA2469A1AF9E}.Ad-Hoc|x86.ActiveCfg = Debug|Any CPU
		{5B44ED27-DAD7-43FA-8A06-BA2469A1AF9E}.Ad-Hoc|x86.Build.0 = Debug|Any CPU
		{5B44ED27-DAD7-43FA-8A06-BA2469A1AF9E}.AppStore|Any CPU.ActiveCfg = Release|Any CPU
		{5B44ED27-DAD7-43FA-8A06-BA2469A1AF9E}.AppStore|Any CPU.Build.0 = Release|Any CPU
		{5B44ED27-DAD7-43FA-8A06-BA2469A1AF9E}.AppStore|ARM.ActiveCfg = Debug|Any CPU
		{5B44ED27-DAD7-43FA-8A06-BA2469A1AF9E}.AppStore|ARM.Build.0 = Debug|Any CPU
		{5B44ED27-DAD7-43FA-8A06-BA2469A1AF9E}.AppStore|iPhone.ActiveCfg = Release|Any CPU
		{5B44ED27-DAD7-43FA-8A06-BA2469A1AF9E}.AppStore|iPhone.Build.0 = Release|Any CPU
		{5B44ED27-DAD7-43FA-8A06-BA2469A1AF9E}.AppStore|iPhoneSimulator.ActiveCfg = Release|Any CPU
		{5B44ED27-DAD7-43FA-8A06-BA2469A1AF9E}.AppStore|iPhoneSimulator.Build.0 = Release|Any CPU
		{5B44ED27-DAD7-43FA-8A06-BA2469A1AF9E}.AppStore|x86.ActiveCfg = Debug|Any CPU
		{5B44ED27-DAD7-43FA-8A06-BA2469A1AF9E}.AppStore|x86.Build.0 = Debug|Any CPU
		{5B44ED27-DAD7-43FA-8A06-BA2469A1AF9E}.Debug|Any CPU.ActiveCfg = Debug|Any CPU
		{5B44ED27-DAD7-43FA-8A06-BA2469A1AF9E}.Debug|Any CPU.Build.0 = Debug|Any CPU
		{5B44ED27-DAD7-43FA-8A06-BA2469A1AF9E}.Debug|ARM.ActiveCfg = Debug|Any CPU
		{5B44ED27-DAD7-43FA-8A06-BA2469A1AF9E}.Debug|ARM.Build.0 = Debug|Any CPU
		{5B44ED27-DAD7-43FA-8A06-BA2469A1AF9E}.Debug|iPhone.ActiveCfg = Debug|Any CPU
		{5B44ED27-DAD7-43FA-8A06-BA2469A1AF9E}.Debug|iPhone.Build.0 = Debug|Any CPU
		{5B44ED27-DAD7-43FA-8A06-BA2469A1AF9E}.Debug|iPhoneSimulator.ActiveCfg = Debug|Any CPU
		{5B44ED27-DAD7-43FA-8A06-BA2469A1AF9E}.Debug|iPhoneSimulator.Build.0 = Debug|Any CPU
		{5B44ED27-DAD7-43FA-8A06-BA2469A1AF9E}.Debug|x86.ActiveCfg = Debug|Any CPU
		{5B44ED27-DAD7-43FA-8A06-BA2469A1AF9E}.Debug|x86.Build.0 = Debug|Any CPU
		{5B44ED27-DAD7-43FA-8A06-BA2469A1AF9E}.Release|Any CPU.ActiveCfg = Release|Any CPU
		{5B44ED27-DAD7-43FA-8A06-BA2469A1AF9E}.Release|Any CPU.Build.0 = Release|Any CPU
		{5B44ED27-DAD7-43FA-8A06-BA2469A1AF9E}.Release|ARM.ActiveCfg = Release|Any CPU
		{5B44ED27-DAD7-43FA-8A06-BA2469A1AF9E}.Release|ARM.Build.0 = Release|Any CPU
		{5B44ED27-DAD7-43FA-8A06-BA2469A1AF9E}.Release|iPhone.ActiveCfg = Release|Any CPU
		{5B44ED27-DAD7-43FA-8A06-BA2469A1AF9E}.Release|iPhone.Build.0 = Release|Any CPU
		{5B44ED27-DAD7-43FA-8A06-BA2469A1AF9E}.Release|iPhoneSimulator.ActiveCfg = Release|Any CPU
		{5B44ED27-DAD7-43FA-8A06-BA2469A1AF9E}.Release|iPhoneSimulator.Build.0 = Release|Any CPU
		{5B44ED27-DAD7-43FA-8A06-BA2469A1AF9E}.Release|x86.ActiveCfg = Release|Any CPU
		{5B44ED27-DAD7-43FA-8A06-BA2469A1AF9E}.Release|x86.Build.0 = Release|Any CPU
		{A9AFE645-9D2C-4D04-98AC-96990D9BA60E}.Ad-Hoc|Any CPU.ActiveCfg = Release|Any CPU
		{A9AFE645-9D2C-4D04-98AC-96990D9BA60E}.Ad-Hoc|Any CPU.Build.0 = Release|Any CPU
		{A9AFE645-9D2C-4D04-98AC-96990D9BA60E}.Ad-Hoc|ARM.ActiveCfg = Release|Any CPU
		{A9AFE645-9D2C-4D04-98AC-96990D9BA60E}.Ad-Hoc|ARM.Build.0 = Release|Any CPU
		{A9AFE645-9D2C-4D04-98AC-96990D9BA60E}.Ad-Hoc|iPhone.ActiveCfg = Release|Any CPU
		{A9AFE645-9D2C-4D04-98AC-96990D9BA60E}.Ad-Hoc|iPhone.Build.0 = Release|Any CPU
		{A9AFE645-9D2C-4D04-98AC-96990D9BA60E}.Ad-Hoc|iPhoneSimulator.ActiveCfg = Release|Any CPU
		{A9AFE645-9D2C-4D04-98AC-96990D9BA60E}.Ad-Hoc|iPhoneSimulator.Build.0 = Release|Any CPU
		{A9AFE645-9D2C-4D04-98AC-96990D9BA60E}.Ad-Hoc|x86.ActiveCfg = Release|Any CPU
		{A9AFE645-9D2C-4D04-98AC-96990D9BA60E}.Ad-Hoc|x86.Build.0 = Release|Any CPU
		{A9AFE645-9D2C-4D04-98AC-96990D9BA60E}.AppStore|Any CPU.ActiveCfg = Release|Any CPU
		{A9AFE645-9D2C-4D04-98AC-96990D9BA60E}.AppStore|Any CPU.Build.0 = Release|Any CPU
		{A9AFE645-9D2C-4D04-98AC-96990D9BA60E}.AppStore|ARM.ActiveCfg = Release|Any CPU
		{A9AFE645-9D2C-4D04-98AC-96990D9BA60E}.AppStore|ARM.Build.0 = Release|Any CPU
		{A9AFE645-9D2C-4D04-98AC-96990D9BA60E}.AppStore|iPhone.ActiveCfg = Release|Any CPU
		{A9AFE645-9D2C-4D04-98AC-96990D9BA60E}.AppStore|iPhone.Build.0 = Release|Any CPU
		{A9AFE645-9D2C-4D04-98AC-96990D9BA60E}.AppStore|iPhoneSimulator.ActiveCfg = Release|Any CPU
		{A9AFE645-9D2C-4D04-98AC-96990D9BA60E}.AppStore|iPhoneSimulator.Build.0 = Release|Any CPU
		{A9AFE645-9D2C-4D04-98AC-96990D9BA60E}.AppStore|x86.ActiveCfg = Release|Any CPU
		{A9AFE645-9D2C-4D04-98AC-96990D9BA60E}.AppStore|x86.Build.0 = Release|Any CPU
		{A9AFE645-9D2C-4D04-98AC-96990D9BA60E}.Debug|Any CPU.ActiveCfg = Debug|Any CPU
		{A9AFE645-9D2C-4D04-98AC-96990D9BA60E}.Debug|Any CPU.Build.0 = Debug|Any CPU
		{A9AFE645-9D2C-4D04-98AC-96990D9BA60E}.Debug|ARM.ActiveCfg = Debug|Any CPU
		{A9AFE645-9D2C-4D04-98AC-96990D9BA60E}.Debug|ARM.Build.0 = Debug|Any CPU
		{A9AFE645-9D2C-4D04-98AC-96990D9BA60E}.Debug|iPhone.ActiveCfg = Debug|Any CPU
		{A9AFE645-9D2C-4D04-98AC-96990D9BA60E}.Debug|iPhone.Build.0 = Debug|Any CPU
		{A9AFE645-9D2C-4D04-98AC-96990D9BA60E}.Debug|iPhoneSimulator.ActiveCfg = Debug|Any CPU
		{A9AFE645-9D2C-4D04-98AC-96990D9BA60E}.Debug|iPhoneSimulator.Build.0 = Debug|Any CPU
		{A9AFE645-9D2C-4D04-98AC-96990D9BA60E}.Debug|x86.ActiveCfg = Debug|Any CPU
		{A9AFE645-9D2C-4D04-98AC-96990D9BA60E}.Debug|x86.Build.0 = Debug|Any CPU
		{A9AFE645-9D2C-4D04-98AC-96990D9BA60E}.Release|Any CPU.ActiveCfg = Release|Any CPU
		{A9AFE645-9D2C-4D04-98AC-96990D9BA60E}.Release|Any CPU.Build.0 = Release|Any CPU
		{A9AFE645-9D2C-4D04-98AC-96990D9BA60E}.Release|ARM.ActiveCfg = Release|Any CPU
		{A9AFE645-9D2C-4D04-98AC-96990D9BA60E}.Release|ARM.Build.0 = Release|Any CPU
		{A9AFE645-9D2C-4D04-98AC-96990D9BA60E}.Release|iPhone.ActiveCfg = Release|Any CPU
		{A9AFE645-9D2C-4D04-98AC-96990D9BA60E}.Release|iPhone.Build.0 = Release|Any CPU
		{A9AFE645-9D2C-4D04-98AC-96990D9BA60E}.Release|iPhoneSimulator.ActiveCfg = Release|Any CPU
		{A9AFE645-9D2C-4D04-98AC-96990D9BA60E}.Release|iPhoneSimulator.Build.0 = Release|Any CPU
		{A9AFE645-9D2C-4D04-98AC-96990D9BA60E}.Release|x86.ActiveCfg = Release|Any CPU
		{A9AFE645-9D2C-4D04-98AC-96990D9BA60E}.Release|x86.Build.0 = Release|Any CPU
		{6457641D-D20D-479B-AA3B-30A9C88B96DE}.Ad-Hoc|Any CPU.ActiveCfg = Release|Any CPU
		{6457641D-D20D-479B-AA3B-30A9C88B96DE}.Ad-Hoc|Any CPU.Build.0 = Release|Any CPU
		{6457641D-D20D-479B-AA3B-30A9C88B96DE}.Ad-Hoc|ARM.ActiveCfg = Release|Any CPU
		{6457641D-D20D-479B-AA3B-30A9C88B96DE}.Ad-Hoc|ARM.Build.0 = Release|Any CPU
		{6457641D-D20D-479B-AA3B-30A9C88B96DE}.Ad-Hoc|iPhone.ActiveCfg = Release|Any CPU
		{6457641D-D20D-479B-AA3B-30A9C88B96DE}.Ad-Hoc|iPhone.Build.0 = Release|Any CPU
		{6457641D-D20D-479B-AA3B-30A9C88B96DE}.Ad-Hoc|iPhoneSimulator.ActiveCfg = Release|Any CPU
		{6457641D-D20D-479B-AA3B-30A9C88B96DE}.Ad-Hoc|iPhoneSimulator.Build.0 = Release|Any CPU
		{6457641D-D20D-479B-AA3B-30A9C88B96DE}.Ad-Hoc|x86.ActiveCfg = Release|Any CPU
		{6457641D-D20D-479B-AA3B-30A9C88B96DE}.Ad-Hoc|x86.Build.0 = Release|Any CPU
		{6457641D-D20D-479B-AA3B-30A9C88B96DE}.AppStore|Any CPU.ActiveCfg = Release|Any CPU
		{6457641D-D20D-479B-AA3B-30A9C88B96DE}.AppStore|Any CPU.Build.0 = Release|Any CPU
		{6457641D-D20D-479B-AA3B-30A9C88B96DE}.AppStore|ARM.ActiveCfg = Release|Any CPU
		{6457641D-D20D-479B-AA3B-30A9C88B96DE}.AppStore|ARM.Build.0 = Release|Any CPU
		{6457641D-D20D-479B-AA3B-30A9C88B96DE}.AppStore|iPhone.ActiveCfg = Release|Any CPU
		{6457641D-D20D-479B-AA3B-30A9C88B96DE}.AppStore|iPhone.Build.0 = Release|Any CPU
		{6457641D-D20D-479B-AA3B-30A9C88B96DE}.AppStore|iPhoneSimulator.ActiveCfg = Release|Any CPU
		{6457641D-D20D-479B-AA3B-30A9C88B96DE}.AppStore|iPhoneSimulator.Build.0 = Release|Any CPU
		{6457641D-D20D-479B-AA3B-30A9C88B96DE}.AppStore|x86.ActiveCfg = Release|Any CPU
		{6457641D-D20D-479B-AA3B-30A9C88B96DE}.AppStore|x86.Build.0 = Release|Any CPU
		{6457641D-D20D-479B-AA3B-30A9C88B96DE}.Debug|Any CPU.ActiveCfg = Debug|Any CPU
		{6457641D-D20D-479B-AA3B-30A9C88B96DE}.Debug|Any CPU.Build.0 = Debug|Any CPU
		{6457641D-D20D-479B-AA3B-30A9C88B96DE}.Debug|ARM.ActiveCfg = Debug|Any CPU
		{6457641D-D20D-479B-AA3B-30A9C88B96DE}.Debug|ARM.Build.0 = Debug|Any CPU
		{6457641D-D20D-479B-AA3B-30A9C88B96DE}.Debug|iPhone.ActiveCfg = Debug|Any CPU
		{6457641D-D20D-479B-AA3B-30A9C88B96DE}.Debug|iPhone.Build.0 = Debug|Any CPU
		{6457641D-D20D-479B-AA3B-30A9C88B96DE}.Debug|iPhoneSimulator.ActiveCfg = Debug|Any CPU
		{6457641D-D20D-479B-AA3B-30A9C88B96DE}.Debug|x86.ActiveCfg = Debug|Any CPU
		{6457641D-D20D-479B-AA3B-30A9C88B96DE}.Debug|x86.Build.0 = Debug|Any CPU
		{6457641D-D20D-479B-AA3B-30A9C88B96DE}.Release|Any CPU.ActiveCfg = Release|Any CPU
		{6457641D-D20D-479B-AA3B-30A9C88B96DE}.Release|Any CPU.Build.0 = Release|Any CPU
		{6457641D-D20D-479B-AA3B-30A9C88B96DE}.Release|ARM.ActiveCfg = Release|Any CPU
		{6457641D-D20D-479B-AA3B-30A9C88B96DE}.Release|ARM.Build.0 = Release|Any CPU
		{6457641D-D20D-479B-AA3B-30A9C88B96DE}.Release|iPhone.ActiveCfg = Release|Any CPU
		{6457641D-D20D-479B-AA3B-30A9C88B96DE}.Release|iPhone.Build.0 = Release|Any CPU
		{6457641D-D20D-479B-AA3B-30A9C88B96DE}.Release|iPhoneSimulator.ActiveCfg = Release|Any CPU
		{6457641D-D20D-479B-AA3B-30A9C88B96DE}.Release|iPhoneSimulator.Build.0 = Release|Any CPU
		{6457641D-D20D-479B-AA3B-30A9C88B96DE}.Release|x86.ActiveCfg = Release|Any CPU
		{6457641D-D20D-479B-AA3B-30A9C88B96DE}.Release|x86.Build.0 = Release|Any CPU
		{3978F9A7-1AD2-4550-A0FE-86793CA912CD}.Ad-Hoc|Any CPU.ActiveCfg = Release|Any CPU
		{3978F9A7-1AD2-4550-A0FE-86793CA912CD}.Ad-Hoc|Any CPU.Build.0 = Release|Any CPU
		{3978F9A7-1AD2-4550-A0FE-86793CA912CD}.Ad-Hoc|ARM.ActiveCfg = Release|Any CPU
		{3978F9A7-1AD2-4550-A0FE-86793CA912CD}.Ad-Hoc|ARM.Build.0 = Release|Any CPU
		{3978F9A7-1AD2-4550-A0FE-86793CA912CD}.Ad-Hoc|iPhone.ActiveCfg = Release|Any CPU
		{3978F9A7-1AD2-4550-A0FE-86793CA912CD}.Ad-Hoc|iPhone.Build.0 = Release|Any CPU
		{3978F9A7-1AD2-4550-A0FE-86793CA912CD}.Ad-Hoc|iPhoneSimulator.ActiveCfg = Release|Any CPU
		{3978F9A7-1AD2-4550-A0FE-86793CA912CD}.Ad-Hoc|iPhoneSimulator.Build.0 = Release|Any CPU
		{3978F9A7-1AD2-4550-A0FE-86793CA912CD}.Ad-Hoc|x86.ActiveCfg = Release|Any CPU
		{3978F9A7-1AD2-4550-A0FE-86793CA912CD}.Ad-Hoc|x86.Build.0 = Release|Any CPU
		{3978F9A7-1AD2-4550-A0FE-86793CA912CD}.AppStore|Any CPU.ActiveCfg = Release|Any CPU
		{3978F9A7-1AD2-4550-A0FE-86793CA912CD}.AppStore|Any CPU.Build.0 = Release|Any CPU
		{3978F9A7-1AD2-4550-A0FE-86793CA912CD}.AppStore|ARM.ActiveCfg = Release|Any CPU
		{3978F9A7-1AD2-4550-A0FE-86793CA912CD}.AppStore|ARM.Build.0 = Release|Any CPU
		{3978F9A7-1AD2-4550-A0FE-86793CA912CD}.AppStore|iPhone.ActiveCfg = Release|Any CPU
		{3978F9A7-1AD2-4550-A0FE-86793CA912CD}.AppStore|iPhone.Build.0 = Release|Any CPU
		{3978F9A7-1AD2-4550-A0FE-86793CA912CD}.AppStore|iPhoneSimulator.ActiveCfg = Release|Any CPU
		{3978F9A7-1AD2-4550-A0FE-86793CA912CD}.AppStore|iPhoneSimulator.Build.0 = Release|Any CPU
		{3978F9A7-1AD2-4550-A0FE-86793CA912CD}.AppStore|x86.ActiveCfg = Release|Any CPU
		{3978F9A7-1AD2-4550-A0FE-86793CA912CD}.AppStore|x86.Build.0 = Release|Any CPU
		{3978F9A7-1AD2-4550-A0FE-86793CA912CD}.Debug|Any CPU.ActiveCfg = Debug|Any CPU
		{3978F9A7-1AD2-4550-A0FE-86793CA912CD}.Debug|Any CPU.Build.0 = Debug|Any CPU
		{3978F9A7-1AD2-4550-A0FE-86793CA912CD}.Debug|ARM.ActiveCfg = Debug|Any CPU
		{3978F9A7-1AD2-4550-A0FE-86793CA912CD}.Debug|ARM.Build.0 = Debug|Any CPU
		{3978F9A7-1AD2-4550-A0FE-86793CA912CD}.Debug|iPhone.ActiveCfg = Debug|Any CPU
		{3978F9A7-1AD2-4550-A0FE-86793CA912CD}.Debug|iPhone.Build.0 = Debug|Any CPU
		{3978F9A7-1AD2-4550-A0FE-86793CA912CD}.Debug|iPhoneSimulator.ActiveCfg = Debug|Any CPU
		{3978F9A7-1AD2-4550-A0FE-86793CA912CD}.Debug|iPhoneSimulator.Build.0 = Debug|Any CPU
		{3978F9A7-1AD2-4550-A0FE-86793CA912CD}.Debug|x86.ActiveCfg = Debug|Any CPU
		{3978F9A7-1AD2-4550-A0FE-86793CA912CD}.Debug|x86.Build.0 = Debug|Any CPU
		{3978F9A7-1AD2-4550-A0FE-86793CA912CD}.Release|Any CPU.ActiveCfg = Release|Any CPU
		{3978F9A7-1AD2-4550-A0FE-86793CA912CD}.Release|Any CPU.Build.0 = Release|Any CPU
		{3978F9A7-1AD2-4550-A0FE-86793CA912CD}.Release|ARM.ActiveCfg = Release|Any CPU
		{3978F9A7-1AD2-4550-A0FE-86793CA912CD}.Release|ARM.Build.0 = Release|Any CPU
		{3978F9A7-1AD2-4550-A0FE-86793CA912CD}.Release|iPhone.ActiveCfg = Release|Any CPU
		{3978F9A7-1AD2-4550-A0FE-86793CA912CD}.Release|iPhone.Build.0 = Release|Any CPU
		{3978F9A7-1AD2-4550-A0FE-86793CA912CD}.Release|iPhoneSimulator.ActiveCfg = Release|Any CPU
		{3978F9A7-1AD2-4550-A0FE-86793CA912CD}.Release|iPhoneSimulator.Build.0 = Release|Any CPU
		{3978F9A7-1AD2-4550-A0FE-86793CA912CD}.Release|x86.ActiveCfg = Release|Any CPU
		{3978F9A7-1AD2-4550-A0FE-86793CA912CD}.Release|x86.Build.0 = Release|Any CPU
		{C5138A14-061F-4251-9AEA-2401E9578CDA}.Ad-Hoc|Any CPU.ActiveCfg = Release|Any CPU
		{C5138A14-061F-4251-9AEA-2401E9578CDA}.Ad-Hoc|Any CPU.Build.0 = Release|Any CPU
		{C5138A14-061F-4251-9AEA-2401E9578CDA}.Ad-Hoc|ARM.ActiveCfg = Release|Any CPU
		{C5138A14-061F-4251-9AEA-2401E9578CDA}.Ad-Hoc|ARM.Build.0 = Release|Any CPU
		{C5138A14-061F-4251-9AEA-2401E9578CDA}.Ad-Hoc|iPhone.ActiveCfg = Release|Any CPU
		{C5138A14-061F-4251-9AEA-2401E9578CDA}.Ad-Hoc|iPhone.Build.0 = Release|Any CPU
		{C5138A14-061F-4251-9AEA-2401E9578CDA}.Ad-Hoc|iPhoneSimulator.ActiveCfg = Release|Any CPU
		{C5138A14-061F-4251-9AEA-2401E9578CDA}.Ad-Hoc|iPhoneSimulator.Build.0 = Release|Any CPU
		{C5138A14-061F-4251-9AEA-2401E9578CDA}.Ad-Hoc|x86.ActiveCfg = Release|Any CPU
		{C5138A14-061F-4251-9AEA-2401E9578CDA}.Ad-Hoc|x86.Build.0 = Release|Any CPU
		{C5138A14-061F-4251-9AEA-2401E9578CDA}.AppStore|Any CPU.ActiveCfg = Release|Any CPU
		{C5138A14-061F-4251-9AEA-2401E9578CDA}.AppStore|Any CPU.Build.0 = Release|Any CPU
		{C5138A14-061F-4251-9AEA-2401E9578CDA}.AppStore|ARM.ActiveCfg = Release|Any CPU
		{C5138A14-061F-4251-9AEA-2401E9578CDA}.AppStore|ARM.Build.0 = Release|Any CPU
		{C5138A14-061F-4251-9AEA-2401E9578CDA}.AppStore|iPhone.ActiveCfg = Release|Any CPU
		{C5138A14-061F-4251-9AEA-2401E9578CDA}.AppStore|iPhone.Build.0 = Release|Any CPU
		{C5138A14-061F-4251-9AEA-2401E9578CDA}.AppStore|iPhoneSimulator.ActiveCfg = Release|Any CPU
		{C5138A14-061F-4251-9AEA-2401E9578CDA}.AppStore|iPhoneSimulator.Build.0 = Release|Any CPU
		{C5138A14-061F-4251-9AEA-2401E9578CDA}.AppStore|x86.ActiveCfg = Release|Any CPU
		{C5138A14-061F-4251-9AEA-2401E9578CDA}.AppStore|x86.Build.0 = Release|Any CPU
		{C5138A14-061F-4251-9AEA-2401E9578CDA}.Debug|Any CPU.ActiveCfg = Debug|Any CPU
		{C5138A14-061F-4251-9AEA-2401E9578CDA}.Debug|Any CPU.Build.0 = Debug|Any CPU
		{C5138A14-061F-4251-9AEA-2401E9578CDA}.Debug|ARM.ActiveCfg = Debug|Any CPU
		{C5138A14-061F-4251-9AEA-2401E9578CDA}.Debug|ARM.Build.0 = Debug|Any CPU
		{C5138A14-061F-4251-9AEA-2401E9578CDA}.Debug|iPhone.ActiveCfg = Debug|Any CPU
		{C5138A14-061F-4251-9AEA-2401E9578CDA}.Debug|iPhone.Build.0 = Debug|Any CPU
		{C5138A14-061F-4251-9AEA-2401E9578CDA}.Debug|iPhoneSimulator.ActiveCfg = Debug|Any CPU
		{C5138A14-061F-4251-9AEA-2401E9578CDA}.Debug|iPhoneSimulator.Build.0 = Debug|Any CPU
		{C5138A14-061F-4251-9AEA-2401E9578CDA}.Debug|x86.ActiveCfg = Debug|Any CPU
		{C5138A14-061F-4251-9AEA-2401E9578CDA}.Debug|x86.Build.0 = Debug|Any CPU
		{C5138A14-061F-4251-9AEA-2401E9578CDA}.Release|Any CPU.ActiveCfg = Release|Any CPU
		{C5138A14-061F-4251-9AEA-2401E9578CDA}.Release|Any CPU.Build.0 = Release|Any CPU
		{C5138A14-061F-4251-9AEA-2401E9578CDA}.Release|ARM.ActiveCfg = Release|Any CPU
		{C5138A14-061F-4251-9AEA-2401E9578CDA}.Release|ARM.Build.0 = Release|Any CPU
		{C5138A14-061F-4251-9AEA-2401E9578CDA}.Release|iPhone.ActiveCfg = Release|Any CPU
		{C5138A14-061F-4251-9AEA-2401E9578CDA}.Release|iPhone.Build.0 = Release|Any CPU
		{C5138A14-061F-4251-9AEA-2401E9578CDA}.Release|iPhoneSimulator.ActiveCfg = Release|Any CPU
		{C5138A14-061F-4251-9AEA-2401E9578CDA}.Release|iPhoneSimulator.Build.0 = Release|Any CPU
		{C5138A14-061F-4251-9AEA-2401E9578CDA}.Release|x86.ActiveCfg = Release|Any CPU
		{C5138A14-061F-4251-9AEA-2401E9578CDA}.Release|x86.Build.0 = Release|Any CPU
	EndGlobalSection
	GlobalSection(SolutionProperties) = preSolution
		HideSolutionNode = FALSE
	EndGlobalSection
	GlobalSection(NestedProjects) = preSolution
		{5B67EF19-6479-4BA0-9E01-CFBEF0DC4046} = {5314F8C6-F34F-461E-8C24-6715B8D66FBA}
		{A8FF54E0-324F-4216-90A8-65F1B3DEA518} = {5314F8C6-F34F-461E-8C24-6715B8D66FBA}
		{9EEC2A47-864D-44D8-834E-49C0F6B429FA} = {5314F8C6-F34F-461E-8C24-6715B8D66FBA}
		{20ACC87E-10D0-4EAD-A610-B21ED05DBCF4} = {9EEC2A47-864D-44D8-834E-49C0F6B429FA}
		{7E82AB84-41C9-4BCA-9EAE-3A427FDC7AEC} = {9EEC2A47-864D-44D8-834E-49C0F6B429FA}
		{0731DB7E-88B2-4C72-BB39-BDE570929C63} = {9EEC2A47-864D-44D8-834E-49C0F6B429FA}
		{48662D2B-ABBD-4118-972A-752F1817747D} = {5314F8C6-F34F-461E-8C24-6715B8D66FBA}
		{2C2264A6-2534-485E-8772-623D1ABEEFFF} = {C9D083AC-7B24-4EA9-88BF-45A639D6351D}
		{5B44ED27-DAD7-43FA-8A06-BA2469A1AF9E} = {C9D083AC-7B24-4EA9-88BF-45A639D6351D}
		{9FDA9BD4-3D55-4132-9055-98986C50E0A4} = {C9D083AC-7B24-4EA9-88BF-45A639D6351D}
		{A9AFE645-9D2C-4D04-98AC-96990D9BA60E} = {C9D083AC-7B24-4EA9-88BF-45A639D6351D}
		{6457641D-D20D-479B-AA3B-30A9C88B96DE} = {C9D083AC-7B24-4EA9-88BF-45A639D6351D}
		{3978F9A7-1AD2-4550-A0FE-86793CA912CD} = {C9D083AC-7B24-4EA9-88BF-45A639D6351D}
		{C5138A14-061F-4251-9AEA-2401E9578CDA} = {C9D083AC-7B24-4EA9-88BF-45A639D6351D}
	EndGlobalSection
	GlobalSection(MonoDevelopProperties) = preSolution
		Policies = $0
		$0.StandardHeader = $1
		$1.Text = @\n Copyright ${Year}  ${CopyrightHolder}\n\n   Licensed under the Apache License, Version 2.0 (the "License");\n   you may not use this file except in compliance with the License.\n   You may obtain a copy of the License at\n\n       http://www.apache.org/licenses/LICENSE-2.0\n\n   Unless required by applicable law or agreed to in writing, software\n   distributed under the License is distributed on an "AS IS" BASIS,\n   WITHOUT WARRANTIES OR CONDITIONS OF ANY KIND, either express or implied.\n   See the License for the specific language governing permissions and\n   limitations under the License.
		$1.IncludeInNewFiles = True
	EndGlobalSection
EndGlobal
