
Microsoft Visual Studio Solution File, Format Version 12.00
# Visual Studio 15
VisualStudioVersion = 15.0.27130.2003
MinimumVisualStudioVersion = 10.0.40219.1
Project("{FAE04EC0-301F-11D3-BF4B-00C04F79EFBC}") = "SimpleAuth.iOS", "SimpleAuth.iOS\SimpleAuth.iOS.csproj", "{2C2264A6-2534-485E-8772-623D1ABEEFFF}"
EndProject
Project("{FAE04EC0-301F-11D3-BF4B-00C04F79EFBC}") = "SimpleAuth.Droid", "SimpleAuth.Droid\SimpleAuth.Droid.csproj", "{5B44ED27-DAD7-43FA-8A06-BA2469A1AF9E}"
EndProject
Project("{D954291E-2A0B-460D-934E-DC6B0785DB48}") = "SimpleAuth", "SimpleAuth\SimpleAuth.shproj", "{9FDA9BD4-3D55-4132-9055-98986C50E0A4}"
EndProject
Project("{FAE04EC0-301F-11D3-BF4B-00C04F79EFBC}") = "SimpleAuth.Portable", "SimpleAuth.Portable\SimpleAuth.Portable.csproj", "{A9AFE645-9D2C-4D04-98AC-96990D9BA60E}"
EndProject
Project("{FAE04EC0-301F-11D3-BF4B-00C04F79EFBC}") = "SimpleAuth.OnePassword.iOS", "SimpleAuth.OnePassword.iOS\SimpleAuth.OnePassword.iOS.csproj", "{3978F9A7-1AD2-4550-A0FE-86793CA912CD}"
EndProject
Project("{FAE04EC0-301F-11D3-BF4B-00C04F79EFBC}") = "SimpleAuth.UWP", "SimpleAuth.UWP\SimpleAuth.UWP.csproj", "{9B2C5B7F-5EE1-4099-9146-6FDA74D3EB9C}"
EndProject
Project("{2150E333-8FDC-42A3-9474-1A3956D46DE8}") = "Solution Items", "Solution Items", "{2836C1E8-054E-43A9-A832-29086375CDA0}"
	ProjectSection(SolutionItems) = preProject
		.nuget\NuGet.Config = .nuget\NuGet.Config
	EndProjectSection
EndProject
Project("{FAE04EC0-301F-11D3-BF4B-00C04F79EFBC}") = "SimpleAuth.Facebook.iOS", "SimpleAuth.Facebook.iOS\SimpleAuth.Facebook.iOS.csproj", "{C5138A14-061F-4251-9AEA-2401E9578CDA}"
EndProject
Project("{FAE04EC0-301F-11D3-BF4B-00C04F79EFBC}") = "SimpleAuth.Net45", "SimpleAuth.Net45\SimpleAuth.Net45.csproj", "{45A98478-4435-4505-BAF3-37F854AC671B}"
EndProject
Project("{2150E333-8FDC-42A3-9474-1A3956D46DE8}") = "Tests", "Tests", "{16848DB4-C3DD-4CCB-A665-DD94E200B6EB}"
EndProject
Project("{FAE04EC0-301F-11D3-BF4B-00C04F79EFBC}") = "SimpleAuth.Tests", "SimpleAuth.Tests\SimpleAuth.Tests.csproj", "{7360F7D9-8C03-4144-8041-4D6ADFB73164}"
EndProject
Project("{FAE04EC0-301F-11D3-BF4B-00C04F79EFBC}") = "SimpleAuth.Mac", "SimpleAuth.Mac\SimpleAuth.Mac.csproj", "{6457641D-D20D-479B-AA3B-30A9C88B96DE}"
EndProject
Project("{FAE04EC0-301F-11D3-BF4B-00C04F79EFBC}") = "SimpleAuth.Facebook.Droid", "SimpleAuth.Facebook.Droid\SimpleAuth.Facebook.Droid.csproj", "{FEC3608B-E1BD-457B-8596-B8CBDA34945E}"
EndProject
Project("{FAE04EC0-301F-11D3-BF4B-00C04F79EFBC}") = "SimpleAuth.Google.Droid", "SimpleAuth.Google.Droid\SimpleAuth.Google.Droid.csproj", "{37786399-48F8-48B1-81B1-CE3FAE15FACA}"
EndProject
Project("{FAE04EC0-301F-11D3-BF4B-00C04F79EFBC}") = "SimpleAuth.Google.iOS", "SimpleAuth.Google.iOS\SimpleAuth.Google.iOS.csproj", "{08277D36-1FC1-4FC6-8891-384707ABF688}"
EndProject
Project("{9A19103F-16F7-4668-BE54-9A1E7A4F7556}") = "SimpleAuth.Net", "SimpleAuth.Net\SimpleAuth.Net.csproj", "{78B056CA-A0E6-440D-9259-F377C61BCD93}"
EndProject
Project("{FAE04EC0-301F-11D3-BF4B-00C04F79EFBC}") = "SimpleAuth.Droid.CustomTabs", "SimpleAuth.Droid.CustomTabs\SimpleAuth.Droid.CustomTabs.csproj", "{86747A6E-D7F3-4E77-96AF-765B1EDAA13E}"
EndProject
Global
	GlobalSection(SharedMSBuildProjectFiles) = preSolution
		SimpleAuth\SimpleAuth.projitems*{2c2264a6-2534-485e-8772-623d1abeefff}*SharedItemsImports = 4
		SimpleAuth\SimpleAuth.projitems*{45a98478-4435-4505-baf3-37f854ac671b}*SharedItemsImports = 4
		SimpleAuth\SimpleAuth.projitems*{5b44ed27-dad7-43fa-8a06-ba2469a1af9e}*SharedItemsImports = 4
		SimpleAuth\SimpleAuth.projitems*{6457641d-d20d-479b-aa3b-30a9c88b96de}*SharedItemsImports = 4
		SimpleAuth\SimpleAuth.projitems*{9b2c5b7f-5ee1-4099-9146-6fda74d3eb9c}*SharedItemsImports = 4
		SimpleAuth\SimpleAuth.projitems*{9fda9bd4-3d55-4132-9055-98986c50e0a4}*SharedItemsImports = 13
		SimpleAuth\SimpleAuth.projitems*{a9afe645-9d2c-4d04-98ac-96990d9ba60e}*SharedItemsImports = 4
	EndGlobalSection
	GlobalSection(SolutionConfigurationPlatforms) = preSolution
		Debug|Any CPU = Debug|Any CPU
		Debug|ARM = Debug|ARM
		Debug|x64 = Debug|x64
		Debug|x86 = Debug|x86
		Release|Any CPU = Release|Any CPU
		Release|ARM = Release|ARM
		Release|x64 = Release|x64
		Release|x86 = Release|x86
	EndGlobalSection
	GlobalSection(ProjectConfigurationPlatforms) = postSolution
		{2C2264A6-2534-485E-8772-623D1ABEEFFF}.Debug|Any CPU.ActiveCfg = Debug|Any CPU
		{2C2264A6-2534-485E-8772-623D1ABEEFFF}.Debug|Any CPU.Build.0 = Debug|Any CPU
		{2C2264A6-2534-485E-8772-623D1ABEEFFF}.Debug|ARM.ActiveCfg = Debug|Any CPU
		{2C2264A6-2534-485E-8772-623D1ABEEFFF}.Debug|ARM.Build.0 = Debug|Any CPU
		{2C2264A6-2534-485E-8772-623D1ABEEFFF}.Debug|x64.ActiveCfg = Debug|Any CPU
		{2C2264A6-2534-485E-8772-623D1ABEEFFF}.Debug|x64.Build.0 = Debug|Any CPU
		{2C2264A6-2534-485E-8772-623D1ABEEFFF}.Debug|x86.ActiveCfg = Debug|Any CPU
		{2C2264A6-2534-485E-8772-623D1ABEEFFF}.Debug|x86.Build.0 = Debug|Any CPU
		{2C2264A6-2534-485E-8772-623D1ABEEFFF}.Release|Any CPU.ActiveCfg = Release|Any CPU
		{2C2264A6-2534-485E-8772-623D1ABEEFFF}.Release|Any CPU.Build.0 = Release|Any CPU
		{2C2264A6-2534-485E-8772-623D1ABEEFFF}.Release|ARM.ActiveCfg = Release|Any CPU
		{2C2264A6-2534-485E-8772-623D1ABEEFFF}.Release|ARM.Build.0 = Release|Any CPU
		{2C2264A6-2534-485E-8772-623D1ABEEFFF}.Release|x64.ActiveCfg = Release|Any CPU
		{2C2264A6-2534-485E-8772-623D1ABEEFFF}.Release|x64.Build.0 = Release|Any CPU
		{2C2264A6-2534-485E-8772-623D1ABEEFFF}.Release|x86.ActiveCfg = Release|Any CPU
		{2C2264A6-2534-485E-8772-623D1ABEEFFF}.Release|x86.Build.0 = Release|Any CPU
		{5B44ED27-DAD7-43FA-8A06-BA2469A1AF9E}.Debug|Any CPU.ActiveCfg = Debug|Any CPU
		{5B44ED27-DAD7-43FA-8A06-BA2469A1AF9E}.Debug|Any CPU.Build.0 = Debug|Any CPU
		{5B44ED27-DAD7-43FA-8A06-BA2469A1AF9E}.Debug|ARM.ActiveCfg = Debug|Any CPU
		{5B44ED27-DAD7-43FA-8A06-BA2469A1AF9E}.Debug|ARM.Build.0 = Debug|Any CPU
		{5B44ED27-DAD7-43FA-8A06-BA2469A1AF9E}.Debug|x64.ActiveCfg = Debug|Any CPU
		{5B44ED27-DAD7-43FA-8A06-BA2469A1AF9E}.Debug|x64.Build.0 = Debug|Any CPU
		{5B44ED27-DAD7-43FA-8A06-BA2469A1AF9E}.Debug|x86.ActiveCfg = Debug|Any CPU
		{5B44ED27-DAD7-43FA-8A06-BA2469A1AF9E}.Debug|x86.Build.0 = Debug|Any CPU
		{5B44ED27-DAD7-43FA-8A06-BA2469A1AF9E}.Release|Any CPU.ActiveCfg = Release|Any CPU
		{5B44ED27-DAD7-43FA-8A06-BA2469A1AF9E}.Release|Any CPU.Build.0 = Release|Any CPU
		{5B44ED27-DAD7-43FA-8A06-BA2469A1AF9E}.Release|ARM.ActiveCfg = Release|Any CPU
		{5B44ED27-DAD7-43FA-8A06-BA2469A1AF9E}.Release|ARM.Build.0 = Release|Any CPU
		{5B44ED27-DAD7-43FA-8A06-BA2469A1AF9E}.Release|x64.ActiveCfg = Release|Any CPU
		{5B44ED27-DAD7-43FA-8A06-BA2469A1AF9E}.Release|x64.Build.0 = Release|Any CPU
		{5B44ED27-DAD7-43FA-8A06-BA2469A1AF9E}.Release|x86.ActiveCfg = Release|Any CPU
		{5B44ED27-DAD7-43FA-8A06-BA2469A1AF9E}.Release|x86.Build.0 = Release|Any CPU
		{A9AFE645-9D2C-4D04-98AC-96990D9BA60E}.Debug|Any CPU.ActiveCfg = Debug|Any CPU
		{A9AFE645-9D2C-4D04-98AC-96990D9BA60E}.Debug|Any CPU.Build.0 = Debug|Any CPU
		{A9AFE645-9D2C-4D04-98AC-96990D9BA60E}.Debug|ARM.ActiveCfg = Debug|Any CPU
		{A9AFE645-9D2C-4D04-98AC-96990D9BA60E}.Debug|ARM.Build.0 = Debug|Any CPU
		{A9AFE645-9D2C-4D04-98AC-96990D9BA60E}.Debug|x64.ActiveCfg = Debug|Any CPU
		{A9AFE645-9D2C-4D04-98AC-96990D9BA60E}.Debug|x64.Build.0 = Debug|Any CPU
		{A9AFE645-9D2C-4D04-98AC-96990D9BA60E}.Debug|x86.ActiveCfg = Debug|Any CPU
		{A9AFE645-9D2C-4D04-98AC-96990D9BA60E}.Debug|x86.Build.0 = Debug|Any CPU
		{A9AFE645-9D2C-4D04-98AC-96990D9BA60E}.Release|Any CPU.ActiveCfg = Release|Any CPU
		{A9AFE645-9D2C-4D04-98AC-96990D9BA60E}.Release|Any CPU.Build.0 = Release|Any CPU
		{A9AFE645-9D2C-4D04-98AC-96990D9BA60E}.Release|ARM.ActiveCfg = Release|Any CPU
		{A9AFE645-9D2C-4D04-98AC-96990D9BA60E}.Release|ARM.Build.0 = Release|Any CPU
		{A9AFE645-9D2C-4D04-98AC-96990D9BA60E}.Release|x64.ActiveCfg = Release|Any CPU
		{A9AFE645-9D2C-4D04-98AC-96990D9BA60E}.Release|x64.Build.0 = Release|Any CPU
		{A9AFE645-9D2C-4D04-98AC-96990D9BA60E}.Release|x86.ActiveCfg = Release|Any CPU
		{A9AFE645-9D2C-4D04-98AC-96990D9BA60E}.Release|x86.Build.0 = Release|Any CPU
		{3978F9A7-1AD2-4550-A0FE-86793CA912CD}.Debug|Any CPU.ActiveCfg = Debug|Any CPU
		{3978F9A7-1AD2-4550-A0FE-86793CA912CD}.Debug|Any CPU.Build.0 = Debug|Any CPU
		{3978F9A7-1AD2-4550-A0FE-86793CA912CD}.Debug|ARM.ActiveCfg = Debug|Any CPU
		{3978F9A7-1AD2-4550-A0FE-86793CA912CD}.Debug|ARM.Build.0 = Debug|Any CPU
		{3978F9A7-1AD2-4550-A0FE-86793CA912CD}.Debug|x64.ActiveCfg = Debug|Any CPU
		{3978F9A7-1AD2-4550-A0FE-86793CA912CD}.Debug|x64.Build.0 = Debug|Any CPU
		{3978F9A7-1AD2-4550-A0FE-86793CA912CD}.Debug|x86.ActiveCfg = Debug|Any CPU
		{3978F9A7-1AD2-4550-A0FE-86793CA912CD}.Debug|x86.Build.0 = Debug|Any CPU
		{3978F9A7-1AD2-4550-A0FE-86793CA912CD}.Release|Any CPU.ActiveCfg = Release|Any CPU
		{3978F9A7-1AD2-4550-A0FE-86793CA912CD}.Release|Any CPU.Build.0 = Release|Any CPU
		{3978F9A7-1AD2-4550-A0FE-86793CA912CD}.Release|ARM.ActiveCfg = Release|Any CPU
		{3978F9A7-1AD2-4550-A0FE-86793CA912CD}.Release|ARM.Build.0 = Release|Any CPU
		{3978F9A7-1AD2-4550-A0FE-86793CA912CD}.Release|x64.ActiveCfg = Release|Any CPU
		{3978F9A7-1AD2-4550-A0FE-86793CA912CD}.Release|x64.Build.0 = Release|Any CPU
		{3978F9A7-1AD2-4550-A0FE-86793CA912CD}.Release|x86.ActiveCfg = Release|Any CPU
		{3978F9A7-1AD2-4550-A0FE-86793CA912CD}.Release|x86.Build.0 = Release|Any CPU
		{9B2C5B7F-5EE1-4099-9146-6FDA74D3EB9C}.Debug|Any CPU.ActiveCfg = Debug|Any CPU
		{9B2C5B7F-5EE1-4099-9146-6FDA74D3EB9C}.Debug|Any CPU.Build.0 = Debug|Any CPU
		{9B2C5B7F-5EE1-4099-9146-6FDA74D3EB9C}.Debug|ARM.ActiveCfg = Debug|ARM
		{9B2C5B7F-5EE1-4099-9146-6FDA74D3EB9C}.Debug|ARM.Build.0 = Debug|ARM
		{9B2C5B7F-5EE1-4099-9146-6FDA74D3EB9C}.Debug|x64.ActiveCfg = Debug|x64
		{9B2C5B7F-5EE1-4099-9146-6FDA74D3EB9C}.Debug|x64.Build.0 = Debug|x64
		{9B2C5B7F-5EE1-4099-9146-6FDA74D3EB9C}.Debug|x86.ActiveCfg = Debug|x86
		{9B2C5B7F-5EE1-4099-9146-6FDA74D3EB9C}.Debug|x86.Build.0 = Debug|x86
		{9B2C5B7F-5EE1-4099-9146-6FDA74D3EB9C}.Release|Any CPU.ActiveCfg = Release|Any CPU
		{9B2C5B7F-5EE1-4099-9146-6FDA74D3EB9C}.Release|Any CPU.Build.0 = Release|Any CPU
		{9B2C5B7F-5EE1-4099-9146-6FDA74D3EB9C}.Release|ARM.ActiveCfg = Release|ARM
		{9B2C5B7F-5EE1-4099-9146-6FDA74D3EB9C}.Release|ARM.Build.0 = Release|ARM
		{9B2C5B7F-5EE1-4099-9146-6FDA74D3EB9C}.Release|x64.ActiveCfg = Release|x64
		{9B2C5B7F-5EE1-4099-9146-6FDA74D3EB9C}.Release|x64.Build.0 = Release|x64
		{9B2C5B7F-5EE1-4099-9146-6FDA74D3EB9C}.Release|x86.ActiveCfg = Release|x86
		{9B2C5B7F-5EE1-4099-9146-6FDA74D3EB9C}.Release|x86.Build.0 = Release|x86
		{C5138A14-061F-4251-9AEA-2401E9578CDA}.Debug|Any CPU.ActiveCfg = Debug|Any CPU
		{C5138A14-061F-4251-9AEA-2401E9578CDA}.Debug|Any CPU.Build.0 = Debug|Any CPU
		{C5138A14-061F-4251-9AEA-2401E9578CDA}.Debug|ARM.ActiveCfg = Debug|Any CPU
		{C5138A14-061F-4251-9AEA-2401E9578CDA}.Debug|x64.ActiveCfg = Debug|Any CPU
		{C5138A14-061F-4251-9AEA-2401E9578CDA}.Debug|x86.ActiveCfg = Debug|Any CPU
		{C5138A14-061F-4251-9AEA-2401E9578CDA}.Release|Any CPU.ActiveCfg = Release|Any CPU
		{C5138A14-061F-4251-9AEA-2401E9578CDA}.Release|Any CPU.Build.0 = Release|Any CPU
		{C5138A14-061F-4251-9AEA-2401E9578CDA}.Release|ARM.ActiveCfg = Release|Any CPU
		{C5138A14-061F-4251-9AEA-2401E9578CDA}.Release|x64.ActiveCfg = Release|Any CPU
		{C5138A14-061F-4251-9AEA-2401E9578CDA}.Release|x86.ActiveCfg = Release|Any CPU
		{45A98478-4435-4505-BAF3-37F854AC671B}.Debug|Any CPU.ActiveCfg = Debug|Any CPU
		{45A98478-4435-4505-BAF3-37F854AC671B}.Debug|Any CPU.Build.0 = Debug|Any CPU
		{45A98478-4435-4505-BAF3-37F854AC671B}.Debug|ARM.ActiveCfg = Debug|Any CPU
		{45A98478-4435-4505-BAF3-37F854AC671B}.Debug|x64.ActiveCfg = Debug|Any CPU
		{45A98478-4435-4505-BAF3-37F854AC671B}.Debug|x86.ActiveCfg = Debug|Any CPU
		{45A98478-4435-4505-BAF3-37F854AC671B}.Release|Any CPU.ActiveCfg = Release|Any CPU
		{45A98478-4435-4505-BAF3-37F854AC671B}.Release|Any CPU.Build.0 = Release|Any CPU
		{45A98478-4435-4505-BAF3-37F854AC671B}.Release|ARM.ActiveCfg = Release|Any CPU
		{45A98478-4435-4505-BAF3-37F854AC671B}.Release|x64.ActiveCfg = Release|Any CPU
		{45A98478-4435-4505-BAF3-37F854AC671B}.Release|x86.ActiveCfg = Release|Any CPU
		{7360F7D9-8C03-4144-8041-4D6ADFB73164}.Debug|Any CPU.ActiveCfg = Debug|Any CPU
		{7360F7D9-8C03-4144-8041-4D6ADFB73164}.Debug|Any CPU.Build.0 = Debug|Any CPU
		{7360F7D9-8C03-4144-8041-4D6ADFB73164}.Debug|ARM.ActiveCfg = Debug|Any CPU
		{7360F7D9-8C03-4144-8041-4D6ADFB73164}.Debug|ARM.Build.0 = Debug|Any CPU
		{7360F7D9-8C03-4144-8041-4D6ADFB73164}.Debug|x64.ActiveCfg = Debug|Any CPU
		{7360F7D9-8C03-4144-8041-4D6ADFB73164}.Debug|x64.Build.0 = Debug|Any CPU
		{7360F7D9-8C03-4144-8041-4D6ADFB73164}.Debug|x86.ActiveCfg = Debug|Any CPU
		{7360F7D9-8C03-4144-8041-4D6ADFB73164}.Debug|x86.Build.0 = Debug|Any CPU
		{7360F7D9-8C03-4144-8041-4D6ADFB73164}.Release|Any CPU.ActiveCfg = Release|Any CPU
		{7360F7D9-8C03-4144-8041-4D6ADFB73164}.Release|Any CPU.Build.0 = Release|Any CPU
		{7360F7D9-8C03-4144-8041-4D6ADFB73164}.Release|ARM.ActiveCfg = Release|Any CPU
		{7360F7D9-8C03-4144-8041-4D6ADFB73164}.Release|ARM.Build.0 = Release|Any CPU
		{7360F7D9-8C03-4144-8041-4D6ADFB73164}.Release|x64.ActiveCfg = Release|Any CPU
		{7360F7D9-8C03-4144-8041-4D6ADFB73164}.Release|x64.Build.0 = Release|Any CPU
		{7360F7D9-8C03-4144-8041-4D6ADFB73164}.Release|x86.ActiveCfg = Release|Any CPU
		{7360F7D9-8C03-4144-8041-4D6ADFB73164}.Release|x86.Build.0 = Release|Any CPU
		{6457641D-D20D-479B-AA3B-30A9C88B96DE}.Debug|Any CPU.ActiveCfg = Debug|Any CPU
		{6457641D-D20D-479B-AA3B-30A9C88B96DE}.Debug|Any CPU.Build.0 = Debug|Any CPU
		{6457641D-D20D-479B-AA3B-30A9C88B96DE}.Debug|ARM.ActiveCfg = Debug|Any CPU
		{6457641D-D20D-479B-AA3B-30A9C88B96DE}.Debug|ARM.Build.0 = Debug|Any CPU
		{6457641D-D20D-479B-AA3B-30A9C88B96DE}.Debug|x64.ActiveCfg = Debug|Any CPU
		{6457641D-D20D-479B-AA3B-30A9C88B96DE}.Debug|x64.Build.0 = Debug|Any CPU
		{6457641D-D20D-479B-AA3B-30A9C88B96DE}.Debug|x86.ActiveCfg = Debug|Any CPU
		{6457641D-D20D-479B-AA3B-30A9C88B96DE}.Debug|x86.Build.0 = Debug|Any CPU
		{6457641D-D20D-479B-AA3B-30A9C88B96DE}.Release|Any CPU.ActiveCfg = Release|Any CPU
		{6457641D-D20D-479B-AA3B-30A9C88B96DE}.Release|Any CPU.Build.0 = Release|Any CPU
		{6457641D-D20D-479B-AA3B-30A9C88B96DE}.Release|ARM.ActiveCfg = Release|Any CPU
		{6457641D-D20D-479B-AA3B-30A9C88B96DE}.Release|ARM.Build.0 = Release|Any CPU
		{6457641D-D20D-479B-AA3B-30A9C88B96DE}.Release|x64.ActiveCfg = Release|Any CPU
		{6457641D-D20D-479B-AA3B-30A9C88B96DE}.Release|x64.Build.0 = Release|Any CPU
		{6457641D-D20D-479B-AA3B-30A9C88B96DE}.Release|x86.ActiveCfg = Release|Any CPU
		{6457641D-D20D-479B-AA3B-30A9C88B96DE}.Release|x86.Build.0 = Release|Any CPU
		{FEC3608B-E1BD-457B-8596-B8CBDA34945E}.Debug|Any CPU.ActiveCfg = Debug|Any CPU
		{FEC3608B-E1BD-457B-8596-B8CBDA34945E}.Debug|Any CPU.Build.0 = Debug|Any CPU
		{FEC3608B-E1BD-457B-8596-B8CBDA34945E}.Debug|ARM.ActiveCfg = Debug|Any CPU
		{FEC3608B-E1BD-457B-8596-B8CBDA34945E}.Debug|ARM.Build.0 = Debug|Any CPU
		{FEC3608B-E1BD-457B-8596-B8CBDA34945E}.Debug|x64.ActiveCfg = Debug|Any CPU
		{FEC3608B-E1BD-457B-8596-B8CBDA34945E}.Debug|x64.Build.0 = Debug|Any CPU
		{FEC3608B-E1BD-457B-8596-B8CBDA34945E}.Debug|x86.ActiveCfg = Debug|Any CPU
		{FEC3608B-E1BD-457B-8596-B8CBDA34945E}.Debug|x86.Build.0 = Debug|Any CPU
		{FEC3608B-E1BD-457B-8596-B8CBDA34945E}.Release|Any CPU.ActiveCfg = Release|Any CPU
		{FEC3608B-E1BD-457B-8596-B8CBDA34945E}.Release|Any CPU.Build.0 = Release|Any CPU
		{FEC3608B-E1BD-457B-8596-B8CBDA34945E}.Release|ARM.ActiveCfg = Release|Any CPU
		{FEC3608B-E1BD-457B-8596-B8CBDA34945E}.Release|ARM.Build.0 = Release|Any CPU
		{FEC3608B-E1BD-457B-8596-B8CBDA34945E}.Release|x64.ActiveCfg = Release|Any CPU
		{FEC3608B-E1BD-457B-8596-B8CBDA34945E}.Release|x64.Build.0 = Release|Any CPU
		{FEC3608B-E1BD-457B-8596-B8CBDA34945E}.Release|x86.ActiveCfg = Release|Any CPU
		{FEC3608B-E1BD-457B-8596-B8CBDA34945E}.Release|x86.Build.0 = Release|Any CPU
		{37786399-48F8-48B1-81B1-CE3FAE15FACA}.Debug|Any CPU.ActiveCfg = Debug|Any CPU
		{37786399-48F8-48B1-81B1-CE3FAE15FACA}.Debug|Any CPU.Build.0 = Debug|Any CPU
		{37786399-48F8-48B1-81B1-CE3FAE15FACA}.Debug|ARM.ActiveCfg = Debug|Any CPU
		{37786399-48F8-48B1-81B1-CE3FAE15FACA}.Debug|ARM.Build.0 = Debug|Any CPU
		{37786399-48F8-48B1-81B1-CE3FAE15FACA}.Debug|x64.ActiveCfg = Debug|Any CPU
		{37786399-48F8-48B1-81B1-CE3FAE15FACA}.Debug|x64.Build.0 = Debug|Any CPU
		{37786399-48F8-48B1-81B1-CE3FAE15FACA}.Debug|x86.ActiveCfg = Debug|Any CPU
		{37786399-48F8-48B1-81B1-CE3FAE15FACA}.Debug|x86.Build.0 = Debug|Any CPU
		{37786399-48F8-48B1-81B1-CE3FAE15FACA}.Release|Any CPU.ActiveCfg = Release|Any CPU
		{37786399-48F8-48B1-81B1-CE3FAE15FACA}.Release|Any CPU.Build.0 = Release|Any CPU
		{37786399-48F8-48B1-81B1-CE3FAE15FACA}.Release|ARM.ActiveCfg = Release|Any CPU
		{37786399-48F8-48B1-81B1-CE3FAE15FACA}.Release|ARM.Build.0 = Release|Any CPU
		{37786399-48F8-48B1-81B1-CE3FAE15FACA}.Release|x64.ActiveCfg = Release|Any CPU
		{37786399-48F8-48B1-81B1-CE3FAE15FACA}.Release|x64.Build.0 = Release|Any CPU
		{37786399-48F8-48B1-81B1-CE3FAE15FACA}.Release|x86.ActiveCfg = Release|Any CPU
		{37786399-48F8-48B1-81B1-CE3FAE15FACA}.Release|x86.Build.0 = Release|Any CPU
		{08277D36-1FC1-4FC6-8891-384707ABF688}.Debug|Any CPU.ActiveCfg = Debug|Any CPU
		{08277D36-1FC1-4FC6-8891-384707ABF688}.Debug|Any CPU.Build.0 = Debug|Any CPU
		{08277D36-1FC1-4FC6-8891-384707ABF688}.Debug|ARM.ActiveCfg = Debug|Any CPU
		{08277D36-1FC1-4FC6-8891-384707ABF688}.Debug|ARM.Build.0 = Debug|Any CPU
		{08277D36-1FC1-4FC6-8891-384707ABF688}.Debug|x64.ActiveCfg = Debug|Any CPU
		{08277D36-1FC1-4FC6-8891-384707ABF688}.Debug|x64.Build.0 = Debug|Any CPU
		{08277D36-1FC1-4FC6-8891-384707ABF688}.Debug|x86.ActiveCfg = Debug|Any CPU
		{08277D36-1FC1-4FC6-8891-384707ABF688}.Debug|x86.Build.0 = Debug|Any CPU
		{08277D36-1FC1-4FC6-8891-384707ABF688}.Release|Any CPU.ActiveCfg = Release|Any CPU
		{08277D36-1FC1-4FC6-8891-384707ABF688}.Release|Any CPU.Build.0 = Release|Any CPU
		{08277D36-1FC1-4FC6-8891-384707ABF688}.Release|ARM.ActiveCfg = Release|Any CPU
		{08277D36-1FC1-4FC6-8891-384707ABF688}.Release|ARM.Build.0 = Release|Any CPU
		{08277D36-1FC1-4FC6-8891-384707ABF688}.Release|x64.ActiveCfg = Release|Any CPU
		{08277D36-1FC1-4FC6-8891-384707ABF688}.Release|x64.Build.0 = Release|Any CPU
		{08277D36-1FC1-4FC6-8891-384707ABF688}.Release|x86.ActiveCfg = Release|Any CPU
		{08277D36-1FC1-4FC6-8891-384707ABF688}.Release|x86.Build.0 = Release|Any CPU
		{78B056CA-A0E6-440D-9259-F377C61BCD93}.Debug|Any CPU.ActiveCfg = Debug|Any CPU
		{78B056CA-A0E6-440D-9259-F377C61BCD93}.Debug|Any CPU.Build.0 = Debug|Any CPU
		{78B056CA-A0E6-440D-9259-F377C61BCD93}.Debug|ARM.ActiveCfg = Debug|Any CPU
		{78B056CA-A0E6-440D-9259-F377C61BCD93}.Debug|ARM.Build.0 = Debug|Any CPU
		{78B056CA-A0E6-440D-9259-F377C61BCD93}.Debug|x64.ActiveCfg = Debug|Any CPU
		{78B056CA-A0E6-440D-9259-F377C61BCD93}.Debug|x64.Build.0 = Debug|Any CPU
		{78B056CA-A0E6-440D-9259-F377C61BCD93}.Debug|x86.ActiveCfg = Debug|Any CPU
		{78B056CA-A0E6-440D-9259-F377C61BCD93}.Debug|x86.Build.0 = Debug|Any CPU
		{78B056CA-A0E6-440D-9259-F377C61BCD93}.Release|Any CPU.ActiveCfg = Release|Any CPU
		{78B056CA-A0E6-440D-9259-F377C61BCD93}.Release|Any CPU.Build.0 = Release|Any CPU
		{78B056CA-A0E6-440D-9259-F377C61BCD93}.Release|ARM.ActiveCfg = Release|Any CPU
		{78B056CA-A0E6-440D-9259-F377C61BCD93}.Release|ARM.Build.0 = Release|Any CPU
		{78B056CA-A0E6-440D-9259-F377C61BCD93}.Release|x64.ActiveCfg = Release|Any CPU
		{78B056CA-A0E6-440D-9259-F377C61BCD93}.Release|x64.Build.0 = Release|Any CPU
		{78B056CA-A0E6-440D-9259-F377C61BCD93}.Release|x86.ActiveCfg = Release|Any CPU
		{78B056CA-A0E6-440D-9259-F377C61BCD93}.Release|x86.Build.0 = Release|Any CPU
		{86747A6E-D7F3-4E77-96AF-765B1EDAA13E}.Debug|Any CPU.ActiveCfg = Debug|Any CPU
		{86747A6E-D7F3-4E77-96AF-765B1EDAA13E}.Debug|Any CPU.Build.0 = Debug|Any CPU
		{86747A6E-D7F3-4E77-96AF-765B1EDAA13E}.Debug|ARM.ActiveCfg = Debug|Any CPU
		{86747A6E-D7F3-4E77-96AF-765B1EDAA13E}.Debug|ARM.Build.0 = Debug|Any CPU
		{86747A6E-D7F3-4E77-96AF-765B1EDAA13E}.Debug|x64.ActiveCfg = Debug|Any CPU
		{86747A6E-D7F3-4E77-96AF-765B1EDAA13E}.Debug|x64.Build.0 = Debug|Any CPU
		{86747A6E-D7F3-4E77-96AF-765B1EDAA13E}.Debug|x86.ActiveCfg = Debug|Any CPU
		{86747A6E-D7F3-4E77-96AF-765B1EDAA13E}.Debug|x86.Build.0 = Debug|Any CPU
		{86747A6E-D7F3-4E77-96AF-765B1EDAA13E}.Release|Any CPU.ActiveCfg = Release|Any CPU
		{86747A6E-D7F3-4E77-96AF-765B1EDAA13E}.Release|Any CPU.Build.0 = Release|Any CPU
		{86747A6E-D7F3-4E77-96AF-765B1EDAA13E}.Release|ARM.ActiveCfg = Release|Any CPU
		{86747A6E-D7F3-4E77-96AF-765B1EDAA13E}.Release|ARM.Build.0 = Release|Any CPU
		{86747A6E-D7F3-4E77-96AF-765B1EDAA13E}.Release|x64.ActiveCfg = Release|Any CPU
		{86747A6E-D7F3-4E77-96AF-765B1EDAA13E}.Release|x64.Build.0 = Release|Any CPU
		{86747A6E-D7F3-4E77-96AF-765B1EDAA13E}.Release|x86.ActiveCfg = Release|Any CPU
		{86747A6E-D7F3-4E77-96AF-765B1EDAA13E}.Release|x86.Build.0 = Release|Any CPU
	EndGlobalSection
	GlobalSection(SolutionProperties) = preSolution
		HideSolutionNode = FALSE
	EndGlobalSection
	GlobalSection(NestedProjects) = preSolution
		{7360F7D9-8C03-4144-8041-4D6ADFB73164} = {16848DB4-C3DD-4CCB-A665-DD94E200B6EB}
	EndGlobalSection
	GlobalSection(ExtensibilityGlobals) = postSolution
		SolutionGuid = {E2D49B8D-6B7B-4AAB-AE97-66D6C1F0B92E}
	EndGlobalSection
EndGlobal
